// !$*UTF8*$!
{
	archiveVersion = 1;
	classes = {
	};
	objectVersion = 50;
	objects = {

/* Begin PBXBuildFile section */
		5720B43821DD923B00BB770D /* BlankSpaceScoreFunction.swift in Sources */ = {isa = PBXBuildFile; fileRef = 5720B43721DD923B00BB770D /* BlankSpaceScoreFunction.swift */; };
		5720B43A21E2D13100BB770D /* FastGame.swift in Sources */ = {isa = PBXBuildFile; fileRef = 5720B43921E2D13000BB770D /* FastGame.swift */; };
		5720B43D21E2F51900BB770D /* BasicGame.swift in Sources */ = {isa = PBXBuildFile; fileRef = 5720B43C21E2F51800BB770D /* BasicGame.swift */; };
		5735596E21F076B20096AA80 /* Cache.swift in Sources */ = {isa = PBXBuildFile; fileRef = 5735596D21F076B20096AA80 /* Cache.swift */; };
		5735597021F078DF0096AA80 /* DictionaryCache.swift in Sources */ = {isa = PBXBuildFile; fileRef = 5735596F21F078DF0096AA80 /* DictionaryCache.swift */; };
		573DBC8121DB8F62005E8F4C /* Game.swift in Sources */ = {isa = PBXBuildFile; fileRef = 573DBC8021DB8F62005E8F4C /* Game.swift */; };
		573DBC8321DB8FD4005E8F4C /* BalanceScoreFunction.swift in Sources */ = {isa = PBXBuildFile; fileRef = 573DBC8221DB8FD4005E8F4C /* BalanceScoreFunction.swift */; };
		573DBC8521DB9003005E8F4C /* Player.swift in Sources */ = {isa = PBXBuildFile; fileRef = 573DBC8421DB9003005E8F4C /* Player.swift */; };
		573DBC8821DB903D005E8F4C /* UserPlayer.swift in Sources */ = {isa = PBXBuildFile; fileRef = 573DBC8721DB903D005E8F4C /* UserPlayer.swift */; };
		573DBC8A21DB906B005E8F4C /* SimplePlayer.swift in Sources */ = {isa = PBXBuildFile; fileRef = 573DBC8921DB906B005E8F4C /* SimplePlayer.swift */; };
		573DBC8C21DB90A4005E8F4C /* GreedyPlayer.swift in Sources */ = {isa = PBXBuildFile; fileRef = 573DBC8B21DB90A4005E8F4C /* GreedyPlayer.swift */; };
		573DBC8E21DB90C3005E8F4C /* RandomPlayer.swift in Sources */ = {isa = PBXBuildFile; fileRef = 573DBC8D21DB90C3005E8F4C /* RandomPlayer.swift */; };
		573DBC9021DB90FA005E8F4C /* ExpectimaxPlayer.swift in Sources */ = {isa = PBXBuildFile; fileRef = 573DBC8F21DB90FA005E8F4C /* ExpectimaxPlayer.swift */; };
		573DBC9321DCB13B005E8F4C /* PowerScoreFunctions.swift in Sources */ = {isa = PBXBuildFile; fileRef = 573DBC9221DCB13B005E8F4C /* PowerScoreFunctions.swift */; };
		573DBC9521DCB29B005E8F4C /* ClusterScoreFunction.swift in Sources */ = {isa = PBXBuildFile; fileRef = 573DBC9421DCB29B005E8F4C /* ClusterScoreFunction.swift */; };
		573DBC9721DCCDD2005E8F4C /* DynamicDepthEMPlayer.swift in Sources */ = {isa = PBXBuildFile; fileRef = 573DBC9621DCCDD1005E8F4C /* DynamicDepthEMPlayer.swift */; };
		573DBC9921DD2BAA005E8F4C /* WashingMachinePlayer.swift in Sources */ = {isa = PBXBuildFile; fileRef = 573DBC9821DD2BAA005E8F4C /* WashingMachinePlayer.swift */; };
		57480C8A21D8ACBE00194FA0 /* main.swift in Sources */ = {isa = PBXBuildFile; fileRef = 57480C8921D8ACBE00194FA0 /* main.swift */; };
		57D637DF21F0108C00348EFD /* DeepCache.swift in Sources */ = {isa = PBXBuildFile; fileRef = 57D637DE21F0108C00348EFD /* DeepCache.swift */; };
		57D637E121F010EA00348EFD /* ScoreFunction.swift in Sources */ = {isa = PBXBuildFile; fileRef = 57D637E021F010EA00348EFD /* ScoreFunction.swift */; };
		57D637E321F0156900348EFD /* StreamReader.swift in Sources */ = {isa = PBXBuildFile; fileRef = 57D637E221F0156900348EFD /* StreamReader.swift */; };
		57D637E621F015FA00348EFD /* WeightedScoreFunction.swift in Sources */ = {isa = PBXBuildFile; fileRef = 57D637E521F015FA00348EFD /* WeightedScoreFunction.swift */; };
		57D637E821F0169800348EFD /* FastWeightedScoreFunction.swift in Sources */ = {isa = PBXBuildFile; fileRef = 57D637E721F0169800348EFD /* FastWeightedScoreFunction.swift */; };
		57D637EA21F0183100348EFD /* FastPowerScoreFunction.swift in Sources */ = {isa = PBXBuildFile; fileRef = 57D637E921F0183100348EFD /* FastPowerScoreFunction.swift */; };
		57D637EC21F021AD00348EFD /* Signatures.swift in Sources */ = {isa = PBXBuildFile; fileRef = 57D637EB21F021AD00348EFD /* Signatures.swift */; };
		57D637F021F041EB00348EFD /* testfile.txt in Resources */ = {isa = PBXBuildFile; fileRef = 57D637ED21F0301400348EFD /* testfile.txt */; };
		57D637F221F042BF00348EFD /* cache.txt in Resources */ = {isa = PBXBuildFile; fileRef = 57D637F121F042BF00348EFD /* cache.txt */; };
/* End PBXBuildFile section */

/* Begin PBXCopyFilesBuildPhase section */
		57480C8421D8ACBD00194FA0 /* CopyFiles */ = {
			isa = PBXCopyFilesBuildPhase;
			buildActionMask = 2147483647;
			dstPath = /usr/share/man/man1/;
			dstSubfolderSpec = 0;
			files = (
			);
			runOnlyForDeploymentPostprocessing = 1;
		};
/* End PBXCopyFilesBuildPhase section */

/* Begin PBXFileReference section */
		5720B43721DD923B00BB770D /* BlankSpaceScoreFunction.swift */ = {isa = PBXFileReference; lastKnownFileType = sourcecode.swift; path = BlankSpaceScoreFunction.swift; sourceTree = "<group>"; };
		5720B43921E2D13000BB770D /* FastGame.swift */ = {isa = PBXFileReference; lastKnownFileType = sourcecode.swift; path = FastGame.swift; sourceTree = "<group>"; };
		5720B43C21E2F51800BB770D /* BasicGame.swift */ = {isa = PBXFileReference; lastKnownFileType = sourcecode.swift; path = BasicGame.swift; sourceTree = "<group>"; };
		5735596D21F076B20096AA80 /* Cache.swift */ = {isa = PBXFileReference; lastKnownFileType = sourcecode.swift; path = Cache.swift; sourceTree = "<group>"; };
		5735596F21F078DF0096AA80 /* DictionaryCache.swift */ = {isa = PBXFileReference; lastKnownFileType = sourcecode.swift; path = DictionaryCache.swift; sourceTree = "<group>"; };
		573DBC8021DB8F62005E8F4C /* Game.swift */ = {isa = PBXFileReference; lastKnownFileType = sourcecode.swift; path = Game.swift; sourceTree = "<group>"; };
		573DBC8221DB8FD4005E8F4C /* BalanceScoreFunction.swift */ = {isa = PBXFileReference; lastKnownFileType = sourcecode.swift; path = BalanceScoreFunction.swift; sourceTree = "<group>"; };
		573DBC8421DB9003005E8F4C /* Player.swift */ = {isa = PBXFileReference; lastKnownFileType = sourcecode.swift; path = Player.swift; sourceTree = "<group>"; };
		573DBC8721DB903D005E8F4C /* UserPlayer.swift */ = {isa = PBXFileReference; lastKnownFileType = sourcecode.swift; path = UserPlayer.swift; sourceTree = "<group>"; };
		573DBC8921DB906B005E8F4C /* SimplePlayer.swift */ = {isa = PBXFileReference; lastKnownFileType = sourcecode.swift; path = SimplePlayer.swift; sourceTree = "<group>"; };
		573DBC8B21DB90A4005E8F4C /* GreedyPlayer.swift */ = {isa = PBXFileReference; lastKnownFileType = sourcecode.swift; path = GreedyPlayer.swift; sourceTree = "<group>"; };
		573DBC8D21DB90C3005E8F4C /* RandomPlayer.swift */ = {isa = PBXFileReference; lastKnownFileType = sourcecode.swift; path = RandomPlayer.swift; sourceTree = "<group>"; };
		573DBC8F21DB90FA005E8F4C /* ExpectimaxPlayer.swift */ = {isa = PBXFileReference; lastKnownFileType = sourcecode.swift; path = ExpectimaxPlayer.swift; sourceTree = "<group>"; };
		573DBC9221DCB13B005E8F4C /* PowerScoreFunctions.swift */ = {isa = PBXFileReference; lastKnownFileType = sourcecode.swift; path = PowerScoreFunctions.swift; sourceTree = "<group>"; };
		573DBC9421DCB29B005E8F4C /* ClusterScoreFunction.swift */ = {isa = PBXFileReference; lastKnownFileType = sourcecode.swift; path = ClusterScoreFunction.swift; sourceTree = "<group>"; };
		573DBC9621DCCDD1005E8F4C /* DynamicDepthEMPlayer.swift */ = {isa = PBXFileReference; lastKnownFileType = sourcecode.swift; path = DynamicDepthEMPlayer.swift; sourceTree = "<group>"; };
		573DBC9821DD2BAA005E8F4C /* WashingMachinePlayer.swift */ = {isa = PBXFileReference; lastKnownFileType = sourcecode.swift; path = WashingMachinePlayer.swift; sourceTree = "<group>"; };
		57480C8621D8ACBD00194FA0 /* 2048AI */ = {isa = PBXFileReference; explicitFileType = "compiled.mach-o.executable"; includeInIndex = 0; path = 2048AI; sourceTree = BUILT_PRODUCTS_DIR; };
		57480C8921D8ACBE00194FA0 /* main.swift */ = {isa = PBXFileReference; lastKnownFileType = sourcecode.swift; path = main.swift; sourceTree = "<group>"; };
		57D637DE21F0108C00348EFD /* DeepCache.swift */ = {isa = PBXFileReference; lastKnownFileType = sourcecode.swift; path = DeepCache.swift; sourceTree = "<group>"; };
		57D637E021F010EA00348EFD /* ScoreFunction.swift */ = {isa = PBXFileReference; lastKnownFileType = sourcecode.swift; path = ScoreFunction.swift; sourceTree = "<group>"; };
		57D637E221F0156900348EFD /* StreamReader.swift */ = {isa = PBXFileReference; lastKnownFileType = sourcecode.swift; path = StreamReader.swift; sourceTree = "<group>"; };
		57D637E521F015FA00348EFD /* WeightedScoreFunction.swift */ = {isa = PBXFileReference; lastKnownFileType = sourcecode.swift; path = WeightedScoreFunction.swift; sourceTree = "<group>"; };
		57D637E721F0169800348EFD /* FastWeightedScoreFunction.swift */ = {isa = PBXFileReference; lastKnownFileType = sourcecode.swift; path = FastWeightedScoreFunction.swift; sourceTree = "<group>"; };
		57D637E921F0183100348EFD /* FastPowerScoreFunction.swift */ = {isa = PBXFileReference; lastKnownFileType = sourcecode.swift; path = FastPowerScoreFunction.swift; sourceTree = "<group>"; };
		57D637EB21F021AD00348EFD /* Signatures.swift */ = {isa = PBXFileReference; lastKnownFileType = sourcecode.swift; path = Signatures.swift; sourceTree = "<group>"; };
		57D637ED21F0301400348EFD /* testfile.txt */ = {isa = PBXFileReference; lastKnownFileType = text; name = testfile.txt; path = 2048AI/Resources/testfile.txt; sourceTree = SOURCE_ROOT; };
		57D637F121F042BF00348EFD /* cache.txt */ = {isa = PBXFileReference; lastKnownFileType = text; path = cache.txt; sourceTree = "<group>"; };
/* End PBXFileReference section */

/* Begin PBXFrameworksBuildPhase section */
		57480C8321D8ACBD00194FA0 /* Frameworks */ = {
			isa = PBXFrameworksBuildPhase;
			buildActionMask = 2147483647;
			files = (
			);
			runOnlyForDeploymentPostprocessing = 0;
		};
/* End PBXFrameworksBuildPhase section */

/* Begin PBXGroup section */
		5720B43B21E2F50100BB770D /* Games */ = {
			isa = PBXGroup;
			children = (
				573DBC8021DB8F62005E8F4C /* Game.swift */,
				5720B43C21E2F51800BB770D /* BasicGame.swift */,
				5720B43921E2D13000BB770D /* FastGame.swift */,
			);
			path = Games;
			sourceTree = "<group>";
		};
		573DBC8621DB902E005E8F4C /* Players */ = {
			isa = PBXGroup;
			children = (
				573DBC8421DB9003005E8F4C /* Player.swift */,
				573DBC8721DB903D005E8F4C /* UserPlayer.swift */,
				573DBC8921DB906B005E8F4C /* SimplePlayer.swift */,
				573DBC8B21DB90A4005E8F4C /* GreedyPlayer.swift */,
				573DBC8D21DB90C3005E8F4C /* RandomPlayer.swift */,
				573DBC9821DD2BAA005E8F4C /* WashingMachinePlayer.swift */,
				573DBC8F21DB90FA005E8F4C /* ExpectimaxPlayer.swift */,
				573DBC9621DCCDD1005E8F4C /* DynamicDepthEMPlayer.swift */,
			);
			path = Players;
			sourceTree = "<group>";
		};
		573DBC9121DCB116005E8F4C /* ScoreFunctions */ = {
			isa = PBXGroup;
			children = (
				57D637E021F010EA00348EFD /* ScoreFunction.swift */,
				573DBC8221DB8FD4005E8F4C /* BalanceScoreFunction.swift */,
				573DBC9221DCB13B005E8F4C /* PowerScoreFunctions.swift */,
				573DBC9421DCB29B005E8F4C /* ClusterScoreFunction.swift */,
				5720B43721DD923B00BB770D /* BlankSpaceScoreFunction.swift */,
				57D637E521F015FA00348EFD /* WeightedScoreFunction.swift */,
				57D637E721F0169800348EFD /* FastWeightedScoreFunction.swift */,
				57D637E921F0183100348EFD /* FastPowerScoreFunction.swift */,
			);
			path = ScoreFunctions;
			sourceTree = "<group>";
		};
		57480C7D21D8ACBD00194FA0 = {
			isa = PBXGroup;
			children = (
				57480C8821D8ACBD00194FA0 /* 2048AI */,
				57480C8721D8ACBD00194FA0 /* Products */,
				57D637F121F042BF00348EFD /* cache.txt */,
			);
			sourceTree = "<group>";
		};
		57480C8721D8ACBD00194FA0 /* Products */ = {
			isa = PBXGroup;
			children = (
				57480C8621D8ACBD00194FA0 /* 2048AI */,
			);
			name = Products;
			sourceTree = "<group>";
		};
		57480C8821D8ACBD00194FA0 /* 2048AI */ = {
			isa = PBXGroup;
			children = (
				57480C8921D8ACBE00194FA0 /* main.swift */,
				5720B43B21E2F50100BB770D /* Games */,
				573DBC9121DCB116005E8F4C /* ScoreFunctions */,
				573DBC8621DB902E005E8F4C /* Players */,
				57D637E421F0159700348EFD /* Cache */,
				57D637EE21F0415F00348EFD /* Resources */,
			);
			path = 2048AI;
			sourceTree = "<group>";
		};
		57D637E421F0159700348EFD /* Cache */ = {
			isa = PBXGroup;
			children = (
				5735596D21F076B20096AA80 /* Cache.swift */,
				5735596F21F078DF0096AA80 /* DictionaryCache.swift */,
				57D637E221F0156900348EFD /* StreamReader.swift */,
				57D637EB21F021AD00348EFD /* Signatures.swift */,
				57D637DE21F0108C00348EFD /* DeepCache.swift */,
			);
			path = Cache;
			sourceTree = "<group>";
		};
		57D637EE21F0415F00348EFD /* Resources */ = {
			isa = PBXGroup;
			children = (
				57D637ED21F0301400348EFD /* testfile.txt */,
			);
			path = Resources;
			sourceTree = "<group>";
		};
/* End PBXGroup section */

/* Begin PBXNativeTarget section */
		57480C8521D8ACBD00194FA0 /* 2048AI */ = {
			isa = PBXNativeTarget;
			buildConfigurationList = 57480C8D21D8ACBE00194FA0 /* Build configuration list for PBXNativeTarget "2048AI" */;
			buildPhases = (
				57480C8221D8ACBD00194FA0 /* Sources */,
				57480C8321D8ACBD00194FA0 /* Frameworks */,
				57480C8421D8ACBD00194FA0 /* CopyFiles */,
				57D637EF21F041DF00348EFD /* Resources */,
			);
			buildRules = (
			);
			dependencies = (
			);
			name = 2048AI;
			productName = 2048AI;
			productReference = 57480C8621D8ACBD00194FA0 /* 2048AI */;
			productType = "com.apple.product-type.tool";
		};
/* End PBXNativeTarget section */

/* Begin PBXProject section */
		57480C7E21D8ACBD00194FA0 /* Project object */ = {
			isa = PBXProject;
			attributes = {
				LastSwiftUpdateCheck = 1010;
				LastUpgradeCheck = 1010;
				ORGANIZATIONNAME = "Aaron Kaufer";
				TargetAttributes = {
					57480C8521D8ACBD00194FA0 = {
						CreatedOnToolsVersion = 10.1;
					};
				};
			};
			buildConfigurationList = 57480C8121D8ACBD00194FA0 /* Build configuration list for PBXProject "2048AI" */;
			compatibilityVersion = "Xcode 9.3";
			developmentRegion = en;
			hasScannedForEncodings = 0;
			knownRegions = (
				en,
			);
			mainGroup = 57480C7D21D8ACBD00194FA0;
			productRefGroup = 57480C8721D8ACBD00194FA0 /* Products */;
			projectDirPath = "";
			projectRoot = "";
			targets = (
				57480C8521D8ACBD00194FA0 /* 2048AI */,
			);
		};
/* End PBXProject section */

/* Begin PBXResourcesBuildPhase section */
		57D637EF21F041DF00348EFD /* Resources */ = {
			isa = PBXResourcesBuildPhase;
			buildActionMask = 2147483647;
			files = (
				57D637F021F041EB00348EFD /* testfile.txt in Resources */,
				57D637F221F042BF00348EFD /* cache.txt in Resources */,
			);
			runOnlyForDeploymentPostprocessing = 0;
		};
/* End PBXResourcesBuildPhase section */

/* Begin PBXSourcesBuildPhase section */
		57480C8221D8ACBD00194FA0 /* Sources */ = {
			isa = PBXSourcesBuildPhase;
			buildActionMask = 2147483647;
			files = (
				573DBC8C21DB90A4005E8F4C /* GreedyPlayer.swift in Sources */,
				57D637E621F015FA00348EFD /* WeightedScoreFunction.swift in Sources */,
				57D637E821F0169800348EFD /* FastWeightedScoreFunction.swift in Sources */,
				57D637DF21F0108C00348EFD /* DeepCache.swift in Sources */,
				573DBC8521DB9003005E8F4C /* Player.swift in Sources */,
				573DBC9521DCB29B005E8F4C /* ClusterScoreFunction.swift in Sources */,
				573DBC8321DB8FD4005E8F4C /* BalanceScoreFunction.swift in Sources */,
				573DBC9921DD2BAA005E8F4C /* WashingMachinePlayer.swift in Sources */,
				573DBC8E21DB90C3005E8F4C /* RandomPlayer.swift in Sources */,
				5720B43D21E2F51900BB770D /* BasicGame.swift in Sources */,
				5735596E21F076B20096AA80 /* Cache.swift in Sources */,
				573DBC8A21DB906B005E8F4C /* SimplePlayer.swift in Sources */,
				573DBC9721DCCDD2005E8F4C /* DynamicDepthEMPlayer.swift in Sources */,
				57D637EA21F0183100348EFD /* FastPowerScoreFunction.swift in Sources */,
				573DBC9021DB90FA005E8F4C /* ExpectimaxPlayer.swift in Sources */,
				573DBC9321DCB13B005E8F4C /* PowerScoreFunctions.swift in Sources */,
				573DBC8821DB903D005E8F4C /* UserPlayer.swift in Sources */,
				57480C8A21D8ACBE00194FA0 /* main.swift in Sources */,
				5720B43821DD923B00BB770D /* BlankSpaceScoreFunction.swift in Sources */,
				57D637E121F010EA00348EFD /* ScoreFunction.swift in Sources */,
				5720B43A21E2D13100BB770D /* FastGame.swift in Sources */,
				573DBC8121DB8F62005E8F4C /* Game.swift in Sources */,
				57D637E321F0156900348EFD /* StreamReader.swift in Sources */,
				57D637EC21F021AD00348EFD /* Signatures.swift in Sources */,
				5735597021F078DF0096AA80 /* DictionaryCache.swift in Sources */,
			);
			runOnlyForDeploymentPostprocessing = 0;
		};
/* End PBXSourcesBuildPhase section */

/* Begin XCBuildConfiguration section */
		57480C8B21D8ACBE00194FA0 /* Debug */ = {
			isa = XCBuildConfiguration;
			buildSettings = {
				ALWAYS_SEARCH_USER_PATHS = NO;
				CLANG_ANALYZER_NONNULL = YES;
				CLANG_ANALYZER_NUMBER_OBJECT_CONVERSION = YES_AGGRESSIVE;
				CLANG_CXX_LANGUAGE_STANDARD = "gnu++14";
				CLANG_CXX_LIBRARY = "libc++";
				CLANG_ENABLE_MODULES = YES;
				CLANG_ENABLE_OBJC_ARC = YES;
				CLANG_ENABLE_OBJC_WEAK = YES;
				CLANG_WARN_BLOCK_CAPTURE_AUTORELEASING = YES;
				CLANG_WARN_BOOL_CONVERSION = YES;
				CLANG_WARN_COMMA = YES;
				CLANG_WARN_CONSTANT_CONVERSION = YES;
				CLANG_WARN_DEPRECATED_OBJC_IMPLEMENTATIONS = YES;
				CLANG_WARN_DIRECT_OBJC_ISA_USAGE = YES_ERROR;
				CLANG_WARN_DOCUMENTATION_COMMENTS = YES;
				CLANG_WARN_EMPTY_BODY = YES;
				CLANG_WARN_ENUM_CONVERSION = YES;
				CLANG_WARN_INFINITE_RECURSION = YES;
				CLANG_WARN_INT_CONVERSION = YES;
				CLANG_WARN_NON_LITERAL_NULL_CONVERSION = YES;
				CLANG_WARN_OBJC_IMPLICIT_RETAIN_SELF = YES;
				CLANG_WARN_OBJC_LITERAL_CONVERSION = YES;
				CLANG_WARN_OBJC_ROOT_CLASS = YES_ERROR;
				CLANG_WARN_RANGE_LOOP_ANALYSIS = YES;
				CLANG_WARN_STRICT_PROTOTYPES = YES;
				CLANG_WARN_SUSPICIOUS_MOVE = YES;
				CLANG_WARN_UNGUARDED_AVAILABILITY = YES_AGGRESSIVE;
				CLANG_WARN_UNREACHABLE_CODE = YES;
				CLANG_WARN__DUPLICATE_METHOD_MATCH = YES;
				CODE_SIGN_IDENTITY = "Mac Developer";
				COPY_PHASE_STRIP = NO;
				DEBUG_INFORMATION_FORMAT = dwarf;
				ENABLE_STRICT_OBJC_MSGSEND = YES;
				ENABLE_TESTABILITY = YES;
				GCC_C_LANGUAGE_STANDARD = gnu11;
				GCC_DYNAMIC_NO_PIC = NO;
				GCC_NO_COMMON_BLOCKS = YES;
				GCC_OPTIMIZATION_LEVEL = 0;
				GCC_PREPROCESSOR_DEFINITIONS = (
					"DEBUG=1",
					"$(inherited)",
				);
				GCC_WARN_64_TO_32_BIT_CONVERSION = YES;
				GCC_WARN_ABOUT_RETURN_TYPE = YES_ERROR;
				GCC_WARN_UNDECLARED_SELECTOR = YES;
				GCC_WARN_UNINITIALIZED_AUTOS = YES_AGGRESSIVE;
				GCC_WARN_UNUSED_FUNCTION = YES;
				GCC_WARN_UNUSED_VARIABLE = YES;
				MACOSX_DEPLOYMENT_TARGET = 10.13;
				MTL_ENABLE_DEBUG_INFO = INCLUDE_SOURCE;
				MTL_FAST_MATH = YES;
				ONLY_ACTIVE_ARCH = YES;
				SDKROOT = macosx;
				SWIFT_ACTIVE_COMPILATION_CONDITIONS = DEBUG;
				SWIFT_OPTIMIZATION_LEVEL = "-Onone";
			};
			name = Debug;
		};
		57480C8C21D8ACBE00194FA0 /* Release */ = {
			isa = XCBuildConfiguration;
			buildSettings = {
				ALWAYS_SEARCH_USER_PATHS = NO;
				CLANG_ANALYZER_NONNULL = YES;
				CLANG_ANALYZER_NUMBER_OBJECT_CONVERSION = YES_AGGRESSIVE;
				CLANG_CXX_LANGUAGE_STANDARD = "gnu++14";
				CLANG_CXX_LIBRARY = "libc++";
				CLANG_ENABLE_MODULES = YES;
				CLANG_ENABLE_OBJC_ARC = YES;
				CLANG_ENABLE_OBJC_WEAK = YES;
				CLANG_WARN_BLOCK_CAPTURE_AUTORELEASING = YES;
				CLANG_WARN_BOOL_CONVERSION = YES;
				CLANG_WARN_COMMA = YES;
				CLANG_WARN_CONSTANT_CONVERSION = YES;
				CLANG_WARN_DEPRECATED_OBJC_IMPLEMENTATIONS = YES;
				CLANG_WARN_DIRECT_OBJC_ISA_USAGE = YES_ERROR;
				CLANG_WARN_DOCUMENTATION_COMMENTS = YES;
				CLANG_WARN_EMPTY_BODY = YES;
				CLANG_WARN_ENUM_CONVERSION = YES;
				CLANG_WARN_INFINITE_RECURSION = YES;
				CLANG_WARN_INT_CONVERSION = YES;
				CLANG_WARN_NON_LITERAL_NULL_CONVERSION = YES;
				CLANG_WARN_OBJC_IMPLICIT_RETAIN_SELF = YES;
				CLANG_WARN_OBJC_LITERAL_CONVERSION = YES;
				CLANG_WARN_OBJC_ROOT_CLASS = YES_ERROR;
				CLANG_WARN_RANGE_LOOP_ANALYSIS = YES;
				CLANG_WARN_STRICT_PROTOTYPES = YES;
				CLANG_WARN_SUSPICIOUS_MOVE = YES;
				CLANG_WARN_UNGUARDED_AVAILABILITY = YES_AGGRESSIVE;
				CLANG_WARN_UNREACHABLE_CODE = YES;
				CLANG_WARN__DUPLICATE_METHOD_MATCH = YES;
				CODE_SIGN_IDENTITY = "Mac Developer";
				COPY_PHASE_STRIP = NO;
				DEBUG_INFORMATION_FORMAT = "dwarf-with-dsym";
				ENABLE_NS_ASSERTIONS = NO;
				ENABLE_STRICT_OBJC_MSGSEND = YES;
				GCC_C_LANGUAGE_STANDARD = gnu11;
				GCC_NO_COMMON_BLOCKS = YES;
				GCC_WARN_64_TO_32_BIT_CONVERSION = YES;
				GCC_WARN_ABOUT_RETURN_TYPE = YES_ERROR;
				GCC_WARN_UNDECLARED_SELECTOR = YES;
				GCC_WARN_UNINITIALIZED_AUTOS = YES_AGGRESSIVE;
				GCC_WARN_UNUSED_FUNCTION = YES;
				GCC_WARN_UNUSED_VARIABLE = YES;
				MACOSX_DEPLOYMENT_TARGET = 10.13;
				MTL_ENABLE_DEBUG_INFO = NO;
				MTL_FAST_MATH = YES;
				SDKROOT = macosx;
				SWIFT_COMPILATION_MODE = wholemodule;
				SWIFT_OPTIMIZATION_LEVEL = "-O";
			};
			name = Release;
		};
		57480C8E21D8ACBE00194FA0 /* Debug */ = {
			isa = XCBuildConfiguration;
			buildSettings = {
				CODE_SIGN_IDENTITY = "Mac Developer";
				CODE_SIGN_STYLE = Automatic;
				DEVELOPMENT_TEAM = C9VA399HSJ;
				PRODUCT_NAME = "$(TARGET_NAME)";
				PROVISIONING_PROFILE_SPECIFIER = "";
				SWIFT_VERSION = 4.2;
			};
			name = Debug;
		};
		57480C8F21D8ACBE00194FA0 /* Release */ = {
			isa = XCBuildConfiguration;
			buildSettings = {
				CODE_SIGN_IDENTITY = "Mac Developer";
				CODE_SIGN_STYLE = Automatic;
				DEVELOPMENT_TEAM = C9VA399HSJ;
				PRODUCT_NAME = "$(TARGET_NAME)";
				PROVISIONING_PROFILE_SPECIFIER = "";
				SWIFT_VERSION = 4.2;
			};
			name = Release;
		};
/* End XCBuildConfiguration section */

/* Begin XCConfigurationList section */
		57480C8121D8ACBD00194FA0 /* Build configuration list for PBXProject "2048AI" */ = {
			isa = XCConfigurationList;
			buildConfigurations = (
				57480C8B21D8ACBE00194FA0 /* Debug */,
				57480C8C21D8ACBE00194FA0 /* Release */,
			);
			defaultConfigurationIsVisible = 0;
			defaultConfigurationName = Release;
		};
		57480C8D21D8ACBE00194FA0 /* Build configuration list for PBXNativeTarget "2048AI" */ = {
			isa = XCConfigurationList;
			buildConfigurations = (
				57480C8E21D8ACBE00194FA0 /* Debug */,
				57480C8F21D8ACBE00194FA0 /* Release */,
			);
			defaultConfigurationIsVisible = 0;
			defaultConfigurationName = Release;
		};
/* End XCConfigurationList section */
	};
	rootObject = 57480C7E21D8ACBD00194FA0 /* Project object */;
}
