// !$*UTF8*$!
{
	archiveVersion = 1;
	classes = {
	};
	objectVersion = 46;
	objects = {

/* Begin PBXAggregateTarget section */
		"2048AI::2048AIPackageTests::ProductTarget" /* 2048AIPackageTests */ = {
			isa = PBXAggregateTarget;
			buildConfigurationList = OBJ_156 /* Build configuration list for PBXAggregateTarget "2048AIPackageTests" */;
			buildPhases = (
			);
			dependencies = (
				OBJ_159 /* PBXTargetDependency */,
			);
			name = 2048AIPackageTests;
			productName = 2048AIPackageTests;
		};
/* End PBXAggregateTarget section */

/* Begin PBXBuildFile section */
		OBJ_107 /* Cache.swift in Sources */ = {isa = PBXBuildFile; fileRef = OBJ_10 /* Cache.swift */; };
		OBJ_108 /* DictionaryCache.swift in Sources */ = {isa = PBXBuildFile; fileRef = OBJ_11 /* DictionaryCache.swift */; };
		OBJ_109 /* FileCache.swift in Sources */ = {isa = PBXBuildFile; fileRef = OBJ_12 /* FileCache.swift */; };
		OBJ_110 /* Signatures.swift in Sources */ = {isa = PBXBuildFile; fileRef = OBJ_13 /* Signatures.swift */; };
		OBJ_111 /* StreamReader.swift in Sources */ = {isa = PBXBuildFile; fileRef = OBJ_14 /* StreamReader.swift */; };
		OBJ_112 /* BasicGame.swift in Sources */ = {isa = PBXBuildFile; fileRef = OBJ_16 /* BasicGame.swift */; };
		OBJ_113 /* FastGame.swift in Sources */ = {isa = PBXBuildFile; fileRef = OBJ_17 /* FastGame.swift */; };
		OBJ_114 /* Game.swift in Sources */ = {isa = PBXBuildFile; fileRef = OBJ_18 /* Game.swift */; };
		OBJ_115 /* MergeFactorTests.swift in Sources */ = {isa = PBXBuildFile; fileRef = OBJ_20 /* MergeFactorTests.swift */; };
		OBJ_116 /* ScoreFunctionTests.swift in Sources */ = {isa = PBXBuildFile; fileRef = OBJ_21 /* ScoreFunctionTests.swift */; };
		OBJ_117 /* TestsHelperFunctions.swift in Sources */ = {isa = PBXBuildFile; fileRef = OBJ_22 /* TestsHelperFunctions.swift */; };
		OBJ_118 /* WeightsResultsAnalyzer.swift in Sources */ = {isa = PBXBuildFile; fileRef = OBJ_23 /* WeightsResultsAnalyzer.swift */; };
		OBJ_119 /* WeightsTests.swift in Sources */ = {isa = PBXBuildFile; fileRef = OBJ_24 /* WeightsTests.swift */; };
		OBJ_120 /* OnlineAgent.swift in Sources */ = {isa = PBXBuildFile; fileRef = OBJ_26 /* OnlineAgent.swift */; };
		OBJ_121 /* DynamicDepthEMPlayer.swift in Sources */ = {isa = PBXBuildFile; fileRef = OBJ_28 /* DynamicDepthEMPlayer.swift */; };
		OBJ_122 /* ExpectimaxPlayer.swift in Sources */ = {isa = PBXBuildFile; fileRef = OBJ_29 /* ExpectimaxPlayer.swift */; };
		OBJ_123 /* GreedyPlayer.swift in Sources */ = {isa = PBXBuildFile; fileRef = OBJ_30 /* GreedyPlayer.swift */; };
		OBJ_124 /* Player.swift in Sources */ = {isa = PBXBuildFile; fileRef = OBJ_31 /* Player.swift */; };
		OBJ_125 /* RandomPlayer.swift in Sources */ = {isa = PBXBuildFile; fileRef = OBJ_32 /* RandomPlayer.swift */; };
		OBJ_126 /* SimplePlayer.swift in Sources */ = {isa = PBXBuildFile; fileRef = OBJ_33 /* SimplePlayer.swift */; };
		OBJ_127 /* UserPlayer.swift in Sources */ = {isa = PBXBuildFile; fileRef = OBJ_34 /* UserPlayer.swift */; };
		OBJ_128 /* WashingMachinePlayer.swift in Sources */ = {isa = PBXBuildFile; fileRef = OBJ_35 /* WashingMachinePlayer.swift */; };
		OBJ_129 /* BalanceScoreFunction.swift in Sources */ = {isa = PBXBuildFile; fileRef = OBJ_37 /* BalanceScoreFunction.swift */; };
		OBJ_130 /* BlankSpaceScoreFunction.swift in Sources */ = {isa = PBXBuildFile; fileRef = OBJ_38 /* BlankSpaceScoreFunction.swift */; };
		OBJ_131 /* ClusterScoreFunction.swift in Sources */ = {isa = PBXBuildFile; fileRef = OBJ_39 /* ClusterScoreFunction.swift */; };
		OBJ_132 /* CompoundScoreFunction.swift in Sources */ = {isa = PBXBuildFile; fileRef = OBJ_40 /* CompoundScoreFunction.swift */; };
		OBJ_133 /* FastPowerScoreFunction.swift in Sources */ = {isa = PBXBuildFile; fileRef = OBJ_41 /* FastPowerScoreFunction.swift */; };
		OBJ_134 /* FastScoreFunction.swift in Sources */ = {isa = PBXBuildFile; fileRef = OBJ_42 /* FastScoreFunction.swift */; };
		OBJ_135 /* FastWeightedScoreFunction.swift in Sources */ = {isa = PBXBuildFile; fileRef = OBJ_43 /* FastWeightedScoreFunction.swift */; };
		OBJ_136 /* NneonneoScoreFunction.swift in Sources */ = {isa = PBXBuildFile; fileRef = OBJ_44 /* NneonneoScoreFunction.swift */; };
		OBJ_137 /* PowerScoreFunctions.swift in Sources */ = {isa = PBXBuildFile; fileRef = OBJ_45 /* PowerScoreFunctions.swift */; };
		OBJ_138 /* ScoreFunction.swift in Sources */ = {isa = PBXBuildFile; fileRef = OBJ_46 /* ScoreFunction.swift */; };
		OBJ_139 /* SmoothWeightedScoreFunction.swift in Sources */ = {isa = PBXBuildFile; fileRef = OBJ_47 /* SmoothWeightedScoreFunction.swift */; };
		OBJ_140 /* WeightedScoreFunction.swift in Sources */ = {isa = PBXBuildFile; fileRef = OBJ_48 /* WeightedScoreFunction.swift */; };
		OBJ_141 /* main.swift in Sources */ = {isa = PBXBuildFile; fileRef = OBJ_49 /* main.swift */; };
		OBJ_143 /* SocketIO.framework in Frameworks */ = {isa = PBXBuildFile; fileRef = "SocketIO::SocketIO::Product" /* SocketIO.framework */; };
		OBJ_144 /* Starscream.framework in Frameworks */ = {isa = PBXBuildFile; fileRef = "Starscream::Starscream::Product" /* Starscream.framework */; };
		OBJ_154 /* Package.swift in Sources */ = {isa = PBXBuildFile; fileRef = OBJ_6 /* Package.swift */; };
		OBJ_165 /* XCTestManifests.swift in Sources */ = {isa = PBXBuildFile; fileRef = OBJ_52 /* XCTestManifests.swift */; };
		OBJ_166 /* _048AITests.swift in Sources */ = {isa = PBXBuildFile; fileRef = OBJ_53 /* _048AITests.swift */; };
		OBJ_168 /* SocketIO.framework in Frameworks */ = {isa = PBXBuildFile; fileRef = "SocketIO::SocketIO::Product" /* SocketIO.framework */; };
		OBJ_169 /* Starscream.framework in Frameworks */ = {isa = PBXBuildFile; fileRef = "Starscream::Starscream::Product" /* Starscream.framework */; };
		OBJ_177 /* SocketAckEmitter.swift in Sources */ = {isa = PBXBuildFile; fileRef = OBJ_59 /* SocketAckEmitter.swift */; };
		OBJ_178 /* SocketAckManager.swift in Sources */ = {isa = PBXBuildFile; fileRef = OBJ_60 /* SocketAckManager.swift */; };
		OBJ_179 /* SocketAnyEvent.swift in Sources */ = {isa = PBXBuildFile; fileRef = OBJ_62 /* SocketAnyEvent.swift */; };
		OBJ_180 /* SocketEventHandler.swift in Sources */ = {isa = PBXBuildFile; fileRef = OBJ_63 /* SocketEventHandler.swift */; };
		OBJ_181 /* SocketIOClient.swift in Sources */ = {isa = PBXBuildFile; fileRef = OBJ_64 /* SocketIOClient.swift */; };
		OBJ_182 /* SocketIOClientConfiguration.swift in Sources */ = {isa = PBXBuildFile; fileRef = OBJ_65 /* SocketIOClientConfiguration.swift */; };
		OBJ_183 /* SocketIOClientOption.swift in Sources */ = {isa = PBXBuildFile; fileRef = OBJ_66 /* SocketIOClientOption.swift */; };
		OBJ_184 /* SocketIOClientSpec.swift in Sources */ = {isa = PBXBuildFile; fileRef = OBJ_67 /* SocketIOClientSpec.swift */; };
		OBJ_185 /* SocketIOStatus.swift in Sources */ = {isa = PBXBuildFile; fileRef = OBJ_68 /* SocketIOStatus.swift */; };
		OBJ_186 /* SocketRawView.swift in Sources */ = {isa = PBXBuildFile; fileRef = OBJ_69 /* SocketRawView.swift */; };
		OBJ_187 /* SocketEngine.swift in Sources */ = {isa = PBXBuildFile; fileRef = OBJ_71 /* SocketEngine.swift */; };
		OBJ_188 /* SocketEngineClient.swift in Sources */ = {isa = PBXBuildFile; fileRef = OBJ_72 /* SocketEngineClient.swift */; };
		OBJ_189 /* SocketEnginePacketType.swift in Sources */ = {isa = PBXBuildFile; fileRef = OBJ_73 /* SocketEnginePacketType.swift */; };
		OBJ_190 /* SocketEnginePollable.swift in Sources */ = {isa = PBXBuildFile; fileRef = OBJ_74 /* SocketEnginePollable.swift */; };
		OBJ_191 /* SocketEngineSpec.swift in Sources */ = {isa = PBXBuildFile; fileRef = OBJ_75 /* SocketEngineSpec.swift */; };
		OBJ_192 /* SocketEngineWebsocket.swift in Sources */ = {isa = PBXBuildFile; fileRef = OBJ_76 /* SocketEngineWebsocket.swift */; };
		OBJ_193 /* SocketManager.swift in Sources */ = {isa = PBXBuildFile; fileRef = OBJ_78 /* SocketManager.swift */; };
		OBJ_194 /* SocketManagerSpec.swift in Sources */ = {isa = PBXBuildFile; fileRef = OBJ_79 /* SocketManagerSpec.swift */; };
		OBJ_195 /* SocketPacket.swift in Sources */ = {isa = PBXBuildFile; fileRef = OBJ_81 /* SocketPacket.swift */; };
		OBJ_196 /* SocketParsable.swift in Sources */ = {isa = PBXBuildFile; fileRef = OBJ_82 /* SocketParsable.swift */; };
		OBJ_197 /* SSLSecurity.swift in Sources */ = {isa = PBXBuildFile; fileRef = OBJ_84 /* SSLSecurity.swift */; };
		OBJ_198 /* SocketExtensions.swift in Sources */ = {isa = PBXBuildFile; fileRef = OBJ_85 /* SocketExtensions.swift */; };
		OBJ_199 /* SocketLogger.swift in Sources */ = {isa = PBXBuildFile; fileRef = OBJ_86 /* SocketLogger.swift */; };
		OBJ_200 /* SocketStringReader.swift in Sources */ = {isa = PBXBuildFile; fileRef = OBJ_87 /* SocketStringReader.swift */; };
		OBJ_201 /* SocketTypes.swift in Sources */ = {isa = PBXBuildFile; fileRef = OBJ_88 /* SocketTypes.swift */; };
		OBJ_203 /* Starscream.framework in Frameworks */ = {isa = PBXBuildFile; fileRef = "Starscream::Starscream::Product" /* Starscream.framework */; };
		OBJ_210 /* Package.swift in Sources */ = {isa = PBXBuildFile; fileRef = OBJ_89 /* Package.swift */; };
		OBJ_215 /* Compression.swift in Sources */ = {isa = PBXBuildFile; fileRef = OBJ_92 /* Compression.swift */; };
		OBJ_216 /* SSLClientCertificate.swift in Sources */ = {isa = PBXBuildFile; fileRef = OBJ_93 /* SSLClientCertificate.swift */; };
		OBJ_217 /* SSLSecurity.swift in Sources */ = {isa = PBXBuildFile; fileRef = OBJ_94 /* SSLSecurity.swift */; };
		OBJ_218 /* WebSocket.swift in Sources */ = {isa = PBXBuildFile; fileRef = OBJ_95 /* WebSocket.swift */; };
		OBJ_225 /* Package.swift in Sources */ = {isa = PBXBuildFile; fileRef = OBJ_96 /* Package.swift */; };
/* End PBXBuildFile section */

/* Begin PBXContainerItemProxy section */
		5762E69F222891ED009B61C2 /* PBXContainerItemProxy */ = {
			isa = PBXContainerItemProxy;
			containerPortal = OBJ_1 /* Project object */;
			proxyType = 1;
			remoteGlobalIDString = "SocketIO::SocketIO";
			remoteInfo = SocketIO;
		};
		5762E6A0222891ED009B61C2 /* PBXContainerItemProxy */ = {
			isa = PBXContainerItemProxy;
			containerPortal = OBJ_1 /* Project object */;
			proxyType = 1;
			remoteGlobalIDString = "Starscream::Starscream";
			remoteInfo = Starscream;
		};
		5762E6A1222891ED009B61C2 /* PBXContainerItemProxy */ = {
			isa = PBXContainerItemProxy;
			containerPortal = OBJ_1 /* Project object */;
			proxyType = 1;
			remoteGlobalIDString = "Starscream::Starscream";
			remoteInfo = Starscream;
		};
		5762E6A2222891ED009B61C2 /* PBXContainerItemProxy */ = {
			isa = PBXContainerItemProxy;
			containerPortal = OBJ_1 /* Project object */;
			proxyType = 1;
			remoteGlobalIDString = "2048AI::2048AI";
			remoteInfo = 2048AI;
		};
		5762E6A3222891ED009B61C2 /* PBXContainerItemProxy */ = {
			isa = PBXContainerItemProxy;
			containerPortal = OBJ_1 /* Project object */;
			proxyType = 1;
			remoteGlobalIDString = "SocketIO::SocketIO";
			remoteInfo = SocketIO;
		};
		5762E6A4222891ED009B61C2 /* PBXContainerItemProxy */ = {
			isa = PBXContainerItemProxy;
			containerPortal = OBJ_1 /* Project object */;
			proxyType = 1;
			remoteGlobalIDString = "Starscream::Starscream";
			remoteInfo = Starscream;
		};
		5762E6A5222891EE009B61C2 /* PBXContainerItemProxy */ = {
			isa = PBXContainerItemProxy;
			containerPortal = OBJ_1 /* Project object */;
			proxyType = 1;
			remoteGlobalIDString = "2048AI::2048AITests";
			remoteInfo = 2048AITests;
		};
/* End PBXContainerItemProxy section */

/* Begin PBXFileReference section */
		"2048AI::2048AI::Product" /* 2048AI */ = {isa = PBXFileReference; lastKnownFileType = text; path = 2048AI; sourceTree = BUILT_PRODUCTS_DIR; };
		"2048AI::2048AITests::Product" /* _048AITests.xctest */ = {isa = PBXFileReference; lastKnownFileType = file; name = _048AITests.xctest; path = 2048AITests.xctest; sourceTree = BUILT_PRODUCTS_DIR; };
		OBJ_10 /* Cache.swift */ = {isa = PBXFileReference; lastKnownFileType = sourcecode.swift; path = Cache.swift; sourceTree = "<group>"; };
		OBJ_11 /* DictionaryCache.swift */ = {isa = PBXFileReference; lastKnownFileType = sourcecode.swift; path = DictionaryCache.swift; sourceTree = "<group>"; };
		OBJ_12 /* FileCache.swift */ = {isa = PBXFileReference; lastKnownFileType = sourcecode.swift; path = FileCache.swift; sourceTree = "<group>"; };
		OBJ_13 /* Signatures.swift */ = {isa = PBXFileReference; lastKnownFileType = sourcecode.swift; path = Signatures.swift; sourceTree = "<group>"; };
		OBJ_14 /* StreamReader.swift */ = {isa = PBXFileReference; lastKnownFileType = sourcecode.swift; path = StreamReader.swift; sourceTree = "<group>"; };
		OBJ_16 /* BasicGame.swift */ = {isa = PBXFileReference; lastKnownFileType = sourcecode.swift; path = BasicGame.swift; sourceTree = "<group>"; };
		OBJ_17 /* FastGame.swift */ = {isa = PBXFileReference; lastKnownFileType = sourcecode.swift; path = FastGame.swift; sourceTree = "<group>"; };
		OBJ_18 /* Game.swift */ = {isa = PBXFileReference; lastKnownFileType = sourcecode.swift; path = Game.swift; sourceTree = "<group>"; };
		OBJ_20 /* MergeFactorTests.swift */ = {isa = PBXFileReference; lastKnownFileType = sourcecode.swift; path = MergeFactorTests.swift; sourceTree = "<group>"; };
		OBJ_21 /* ScoreFunctionTests.swift */ = {isa = PBXFileReference; lastKnownFileType = sourcecode.swift; path = ScoreFunctionTests.swift; sourceTree = "<group>"; };
		OBJ_22 /* TestsHelperFunctions.swift */ = {isa = PBXFileReference; lastKnownFileType = sourcecode.swift; path = TestsHelperFunctions.swift; sourceTree = "<group>"; };
		OBJ_23 /* WeightsResultsAnalyzer.swift */ = {isa = PBXFileReference; lastKnownFileType = sourcecode.swift; path = WeightsResultsAnalyzer.swift; sourceTree = "<group>"; };
		OBJ_24 /* WeightsTests.swift */ = {isa = PBXFileReference; lastKnownFileType = sourcecode.swift; path = WeightsTests.swift; sourceTree = "<group>"; };
		OBJ_26 /* OnlineAgent.swift */ = {isa = PBXFileReference; lastKnownFileType = sourcecode.swift; path = OnlineAgent.swift; sourceTree = "<group>"; };
		OBJ_28 /* DynamicDepthEMPlayer.swift */ = {isa = PBXFileReference; lastKnownFileType = sourcecode.swift; path = DynamicDepthEMPlayer.swift; sourceTree = "<group>"; };
		OBJ_29 /* ExpectimaxPlayer.swift */ = {isa = PBXFileReference; lastKnownFileType = sourcecode.swift; path = ExpectimaxPlayer.swift; sourceTree = "<group>"; };
		OBJ_30 /* GreedyPlayer.swift */ = {isa = PBXFileReference; lastKnownFileType = sourcecode.swift; path = GreedyPlayer.swift; sourceTree = "<group>"; };
		OBJ_31 /* Player.swift */ = {isa = PBXFileReference; lastKnownFileType = sourcecode.swift; path = Player.swift; sourceTree = "<group>"; };
		OBJ_32 /* RandomPlayer.swift */ = {isa = PBXFileReference; lastKnownFileType = sourcecode.swift; path = RandomPlayer.swift; sourceTree = "<group>"; };
		OBJ_33 /* SimplePlayer.swift */ = {isa = PBXFileReference; lastKnownFileType = sourcecode.swift; path = SimplePlayer.swift; sourceTree = "<group>"; };
		OBJ_34 /* UserPlayer.swift */ = {isa = PBXFileReference; lastKnownFileType = sourcecode.swift; path = UserPlayer.swift; sourceTree = "<group>"; };
		OBJ_35 /* WashingMachinePlayer.swift */ = {isa = PBXFileReference; lastKnownFileType = sourcecode.swift; path = WashingMachinePlayer.swift; sourceTree = "<group>"; };
		OBJ_37 /* BalanceScoreFunction.swift */ = {isa = PBXFileReference; lastKnownFileType = sourcecode.swift; path = BalanceScoreFunction.swift; sourceTree = "<group>"; };
		OBJ_38 /* BlankSpaceScoreFunction.swift */ = {isa = PBXFileReference; lastKnownFileType = sourcecode.swift; path = BlankSpaceScoreFunction.swift; sourceTree = "<group>"; };
		OBJ_39 /* ClusterScoreFunction.swift */ = {isa = PBXFileReference; lastKnownFileType = sourcecode.swift; path = ClusterScoreFunction.swift; sourceTree = "<group>"; };
		OBJ_40 /* CompoundScoreFunction.swift */ = {isa = PBXFileReference; lastKnownFileType = sourcecode.swift; path = CompoundScoreFunction.swift; sourceTree = "<group>"; };
		OBJ_41 /* FastPowerScoreFunction.swift */ = {isa = PBXFileReference; lastKnownFileType = sourcecode.swift; path = FastPowerScoreFunction.swift; sourceTree = "<group>"; };
		OBJ_42 /* FastScoreFunction.swift */ = {isa = PBXFileReference; lastKnownFileType = sourcecode.swift; path = FastScoreFunction.swift; sourceTree = "<group>"; };
		OBJ_43 /* FastWeightedScoreFunction.swift */ = {isa = PBXFileReference; lastKnownFileType = sourcecode.swift; path = FastWeightedScoreFunction.swift; sourceTree = "<group>"; };
		OBJ_44 /* NneonneoScoreFunction.swift */ = {isa = PBXFileReference; lastKnownFileType = sourcecode.swift; path = NneonneoScoreFunction.swift; sourceTree = "<group>"; };
		OBJ_45 /* PowerScoreFunctions.swift */ = {isa = PBXFileReference; lastKnownFileType = sourcecode.swift; path = PowerScoreFunctions.swift; sourceTree = "<group>"; };
		OBJ_46 /* ScoreFunction.swift */ = {isa = PBXFileReference; lastKnownFileType = sourcecode.swift; path = ScoreFunction.swift; sourceTree = "<group>"; };
		OBJ_47 /* SmoothWeightedScoreFunction.swift */ = {isa = PBXFileReference; lastKnownFileType = sourcecode.swift; path = SmoothWeightedScoreFunction.swift; sourceTree = "<group>"; };
		OBJ_48 /* WeightedScoreFunction.swift */ = {isa = PBXFileReference; lastKnownFileType = sourcecode.swift; path = WeightedScoreFunction.swift; sourceTree = "<group>"; };
		OBJ_49 /* main.swift */ = {isa = PBXFileReference; lastKnownFileType = sourcecode.swift; path = main.swift; sourceTree = "<group>"; };
		OBJ_52 /* XCTestManifests.swift */ = {isa = PBXFileReference; lastKnownFileType = sourcecode.swift; path = XCTestManifests.swift; sourceTree = "<group>"; };
		OBJ_53 /* _048AITests.swift */ = {isa = PBXFileReference; lastKnownFileType = sourcecode.swift; path = _048AITests.swift; sourceTree = "<group>"; };
		OBJ_54 /* logs */ = {isa = PBXFileReference; lastKnownFileType = folder; path = logs; sourceTree = SOURCE_ROOT; };
		OBJ_59 /* SocketAckEmitter.swift */ = {isa = PBXFileReference; lastKnownFileType = sourcecode.swift; path = SocketAckEmitter.swift; sourceTree = "<group>"; };
		OBJ_6 /* Package.swift */ = {isa = PBXFileReference; explicitFileType = sourcecode.swift; path = Package.swift; sourceTree = "<group>"; };
		OBJ_60 /* SocketAckManager.swift */ = {isa = PBXFileReference; lastKnownFileType = sourcecode.swift; path = SocketAckManager.swift; sourceTree = "<group>"; };
		OBJ_62 /* SocketAnyEvent.swift */ = {isa = PBXFileReference; lastKnownFileType = sourcecode.swift; path = SocketAnyEvent.swift; sourceTree = "<group>"; };
		OBJ_63 /* SocketEventHandler.swift */ = {isa = PBXFileReference; lastKnownFileType = sourcecode.swift; path = SocketEventHandler.swift; sourceTree = "<group>"; };
		OBJ_64 /* SocketIOClient.swift */ = {isa = PBXFileReference; lastKnownFileType = sourcecode.swift; path = SocketIOClient.swift; sourceTree = "<group>"; };
		OBJ_65 /* SocketIOClientConfiguration.swift */ = {isa = PBXFileReference; lastKnownFileType = sourcecode.swift; path = SocketIOClientConfiguration.swift; sourceTree = "<group>"; };
		OBJ_66 /* SocketIOClientOption.swift */ = {isa = PBXFileReference; lastKnownFileType = sourcecode.swift; path = SocketIOClientOption.swift; sourceTree = "<group>"; };
		OBJ_67 /* SocketIOClientSpec.swift */ = {isa = PBXFileReference; lastKnownFileType = sourcecode.swift; path = SocketIOClientSpec.swift; sourceTree = "<group>"; };
		OBJ_68 /* SocketIOStatus.swift */ = {isa = PBXFileReference; lastKnownFileType = sourcecode.swift; path = SocketIOStatus.swift; sourceTree = "<group>"; };
		OBJ_69 /* SocketRawView.swift */ = {isa = PBXFileReference; lastKnownFileType = sourcecode.swift; path = SocketRawView.swift; sourceTree = "<group>"; };
		OBJ_71 /* SocketEngine.swift */ = {isa = PBXFileReference; lastKnownFileType = sourcecode.swift; path = SocketEngine.swift; sourceTree = "<group>"; };
		OBJ_72 /* SocketEngineClient.swift */ = {isa = PBXFileReference; lastKnownFileType = sourcecode.swift; path = SocketEngineClient.swift; sourceTree = "<group>"; };
		OBJ_73 /* SocketEnginePacketType.swift */ = {isa = PBXFileReference; lastKnownFileType = sourcecode.swift; path = SocketEnginePacketType.swift; sourceTree = "<group>"; };
		OBJ_74 /* SocketEnginePollable.swift */ = {isa = PBXFileReference; lastKnownFileType = sourcecode.swift; path = SocketEnginePollable.swift; sourceTree = "<group>"; };
		OBJ_75 /* SocketEngineSpec.swift */ = {isa = PBXFileReference; lastKnownFileType = sourcecode.swift; path = SocketEngineSpec.swift; sourceTree = "<group>"; };
		OBJ_76 /* SocketEngineWebsocket.swift */ = {isa = PBXFileReference; lastKnownFileType = sourcecode.swift; path = SocketEngineWebsocket.swift; sourceTree = "<group>"; };
		OBJ_78 /* SocketManager.swift */ = {isa = PBXFileReference; lastKnownFileType = sourcecode.swift; path = SocketManager.swift; sourceTree = "<group>"; };
		OBJ_79 /* SocketManagerSpec.swift */ = {isa = PBXFileReference; lastKnownFileType = sourcecode.swift; path = SocketManagerSpec.swift; sourceTree = "<group>"; };
		OBJ_81 /* SocketPacket.swift */ = {isa = PBXFileReference; lastKnownFileType = sourcecode.swift; path = SocketPacket.swift; sourceTree = "<group>"; };
		OBJ_82 /* SocketParsable.swift */ = {isa = PBXFileReference; lastKnownFileType = sourcecode.swift; path = SocketParsable.swift; sourceTree = "<group>"; };
		OBJ_84 /* SSLSecurity.swift */ = {isa = PBXFileReference; lastKnownFileType = sourcecode.swift; path = SSLSecurity.swift; sourceTree = "<group>"; };
		OBJ_85 /* SocketExtensions.swift */ = {isa = PBXFileReference; lastKnownFileType = sourcecode.swift; path = SocketExtensions.swift; sourceTree = "<group>"; };
		OBJ_86 /* SocketLogger.swift */ = {isa = PBXFileReference; lastKnownFileType = sourcecode.swift; path = SocketLogger.swift; sourceTree = "<group>"; };
		OBJ_87 /* SocketStringReader.swift */ = {isa = PBXFileReference; lastKnownFileType = sourcecode.swift; path = SocketStringReader.swift; sourceTree = "<group>"; };
		OBJ_88 /* SocketTypes.swift */ = {isa = PBXFileReference; lastKnownFileType = sourcecode.swift; path = SocketTypes.swift; sourceTree = "<group>"; };
		OBJ_89 /* Package.swift */ = {isa = PBXFileReference; explicitFileType = sourcecode.swift; name = Package.swift; path = "/Users/AKaufer/Documents/2048AI/.build/checkouts/socket.io-client-swift-2048598986011237811/Package.swift"; sourceTree = "<group>"; };
		OBJ_92 /* Compression.swift */ = {isa = PBXFileReference; lastKnownFileType = sourcecode.swift; path = Compression.swift; sourceTree = "<group>"; };
		OBJ_93 /* SSLClientCertificate.swift */ = {isa = PBXFileReference; lastKnownFileType = sourcecode.swift; path = SSLClientCertificate.swift; sourceTree = "<group>"; };
		OBJ_94 /* SSLSecurity.swift */ = {isa = PBXFileReference; lastKnownFileType = sourcecode.swift; path = SSLSecurity.swift; sourceTree = "<group>"; };
		OBJ_95 /* WebSocket.swift */ = {isa = PBXFileReference; lastKnownFileType = sourcecode.swift; path = WebSocket.swift; sourceTree = "<group>"; };
		OBJ_96 /* Package.swift */ = {isa = PBXFileReference; explicitFileType = sourcecode.swift; name = Package.swift; path = "/Users/AKaufer/Documents/2048AI/.build/checkouts/Starscream-5479200999345986528/Package.swift"; sourceTree = "<group>"; };
		"SocketIO::SocketIO::Product" /* SocketIO.framework */ = {isa = PBXFileReference; lastKnownFileType = wrapper.framework; path = SocketIO.framework; sourceTree = BUILT_PRODUCTS_DIR; };
		"Starscream::Starscream::Product" /* Starscream.framework */ = {isa = PBXFileReference; lastKnownFileType = wrapper.framework; path = Starscream.framework; sourceTree = BUILT_PRODUCTS_DIR; };
/* End PBXFileReference section */

/* Begin PBXFrameworksBuildPhase section */
		OBJ_142 /* Frameworks */ = {
			isa = PBXFrameworksBuildPhase;
			buildActionMask = 0;
			files = (
				OBJ_143 /* SocketIO.framework in Frameworks */,
				OBJ_144 /* Starscream.framework in Frameworks */,
			);
			runOnlyForDeploymentPostprocessing = 0;
		};
		OBJ_167 /* Frameworks */ = {
			isa = PBXFrameworksBuildPhase;
			buildActionMask = 0;
			files = (
				OBJ_168 /* SocketIO.framework in Frameworks */,
				OBJ_169 /* Starscream.framework in Frameworks */,
			);
			runOnlyForDeploymentPostprocessing = 0;
		};
		OBJ_202 /* Frameworks */ = {
			isa = PBXFrameworksBuildPhase;
			buildActionMask = 0;
			files = (
				OBJ_203 /* Starscream.framework in Frameworks */,
			);
			runOnlyForDeploymentPostprocessing = 0;
		};
		OBJ_219 /* Frameworks */ = {
			isa = PBXFrameworksBuildPhase;
			buildActionMask = 0;
			files = (
			);
			runOnlyForDeploymentPostprocessing = 0;
		};
/* End PBXFrameworksBuildPhase section */

/* Begin PBXGroup section */
		OBJ_15 /* Games */ = {
			isa = PBXGroup;
			children = (
				OBJ_16 /* BasicGame.swift */,
				OBJ_17 /* FastGame.swift */,
				OBJ_18 /* Game.swift */,
			);
			path = Games;
			sourceTree = "<group>";
		};
		OBJ_19 /* HyperParameterTests */ = {
			isa = PBXGroup;
			children = (
				OBJ_20 /* MergeFactorTests.swift */,
				OBJ_21 /* ScoreFunctionTests.swift */,
				OBJ_22 /* TestsHelperFunctions.swift */,
				OBJ_23 /* WeightsResultsAnalyzer.swift */,
				OBJ_24 /* WeightsTests.swift */,
			);
			path = HyperParameterTests;
			sourceTree = "<group>";
		};
		OBJ_25 /* Online Playing */ = {
			isa = PBXGroup;
			children = (
				OBJ_26 /* OnlineAgent.swift */,
			);
			path = "Online Playing";
			sourceTree = "<group>";
		};
		OBJ_27 /* Players */ = {
			isa = PBXGroup;
			children = (
				OBJ_28 /* DynamicDepthEMPlayer.swift */,
				OBJ_29 /* ExpectimaxPlayer.swift */,
				OBJ_30 /* GreedyPlayer.swift */,
				OBJ_31 /* Player.swift */,
				OBJ_32 /* RandomPlayer.swift */,
				OBJ_33 /* SimplePlayer.swift */,
				OBJ_34 /* UserPlayer.swift */,
				OBJ_35 /* WashingMachinePlayer.swift */,
			);
			path = Players;
			sourceTree = "<group>";
		};
		OBJ_36 /* ScoreFunctions */ = {
			isa = PBXGroup;
			children = (
				OBJ_37 /* BalanceScoreFunction.swift */,
				OBJ_38 /* BlankSpaceScoreFunction.swift */,
				OBJ_39 /* ClusterScoreFunction.swift */,
				OBJ_40 /* CompoundScoreFunction.swift */,
				OBJ_41 /* FastPowerScoreFunction.swift */,
				OBJ_42 /* FastScoreFunction.swift */,
				OBJ_43 /* FastWeightedScoreFunction.swift */,
				OBJ_44 /* NneonneoScoreFunction.swift */,
				OBJ_45 /* PowerScoreFunctions.swift */,
				OBJ_46 /* ScoreFunction.swift */,
				OBJ_47 /* SmoothWeightedScoreFunction.swift */,
				OBJ_48 /* WeightedScoreFunction.swift */,
			);
			path = ScoreFunctions;
			sourceTree = "<group>";
		};
		OBJ_5 = {
			isa = PBXGroup;
			children = (
				OBJ_6 /* Package.swift */,
				OBJ_7 /* Sources */,
				OBJ_50 /* Tests */,
				OBJ_54 /* logs */,
				OBJ_55 /* Dependencies */,
				OBJ_97 /* Products */,
			);
			sourceTree = "<group>";
		};
		OBJ_50 /* Tests */ = {
			isa = PBXGroup;
			children = (
				OBJ_51 /* 2048AITests */,
			);
			name = Tests;
			sourceTree = SOURCE_ROOT;
		};
		OBJ_51 /* 2048AITests */ = {
			isa = PBXGroup;
			children = (
				OBJ_52 /* XCTestManifests.swift */,
				OBJ_53 /* _048AITests.swift */,
			);
			name = 2048AITests;
			path = Tests/2048AITests;
			sourceTree = SOURCE_ROOT;
		};
		OBJ_55 /* Dependencies */ = {
			isa = PBXGroup;
			children = (
				OBJ_56 /* SocketIO 14.0.0 */,
				OBJ_90 /* Starscream 3.0.6 */,
			);
			name = Dependencies;
			sourceTree = "<group>";
		};
		OBJ_56 /* SocketIO 14.0.0 */ = {
			isa = PBXGroup;
			children = (
				OBJ_57 /* SocketIO */,
				OBJ_89 /* Package.swift */,
			);
			name = "SocketIO 14.0.0";
			sourceTree = SOURCE_ROOT;
		};
		OBJ_57 /* SocketIO */ = {
			isa = PBXGroup;
			children = (
				OBJ_58 /* Ack */,
				OBJ_61 /* Client */,
				OBJ_70 /* Engine */,
				OBJ_77 /* Manager */,
				OBJ_80 /* Parse */,
				OBJ_83 /* Util */,
			);
			name = SocketIO;
			path = ".build/checkouts/socket.io-client-swift-2048598986011237811/Source/SocketIO";
			sourceTree = SOURCE_ROOT;
		};
		OBJ_58 /* Ack */ = {
			isa = PBXGroup;
			children = (
				OBJ_59 /* SocketAckEmitter.swift */,
				OBJ_60 /* SocketAckManager.swift */,
			);
			path = Ack;
			sourceTree = "<group>";
		};
		OBJ_61 /* Client */ = {
			isa = PBXGroup;
			children = (
				OBJ_62 /* SocketAnyEvent.swift */,
				OBJ_63 /* SocketEventHandler.swift */,
				OBJ_64 /* SocketIOClient.swift */,
				OBJ_65 /* SocketIOClientConfiguration.swift */,
				OBJ_66 /* SocketIOClientOption.swift */,
				OBJ_67 /* SocketIOClientSpec.swift */,
				OBJ_68 /* SocketIOStatus.swift */,
				OBJ_69 /* SocketRawView.swift */,
			);
			path = Client;
			sourceTree = "<group>";
		};
		OBJ_7 /* Sources */ = {
			isa = PBXGroup;
			children = (
				OBJ_8 /* 2048AI */,
			);
			name = Sources;
			sourceTree = SOURCE_ROOT;
		};
		OBJ_70 /* Engine */ = {
			isa = PBXGroup;
			children = (
				OBJ_71 /* SocketEngine.swift */,
				OBJ_72 /* SocketEngineClient.swift */,
				OBJ_73 /* SocketEnginePacketType.swift */,
				OBJ_74 /* SocketEnginePollable.swift */,
				OBJ_75 /* SocketEngineSpec.swift */,
				OBJ_76 /* SocketEngineWebsocket.swift */,
			);
			path = Engine;
			sourceTree = "<group>";
		};
		OBJ_77 /* Manager */ = {
			isa = PBXGroup;
			children = (
				OBJ_78 /* SocketManager.swift */,
				OBJ_79 /* SocketManagerSpec.swift */,
			);
			path = Manager;
			sourceTree = "<group>";
		};
		OBJ_8 /* 2048AI */ = {
			isa = PBXGroup;
			children = (
				OBJ_49 /* main.swift */,
				OBJ_25 /* Online Playing */,
				OBJ_19 /* HyperParameterTests */,
				OBJ_27 /* Players */,
				OBJ_15 /* Games */,
				OBJ_36 /* ScoreFunctions */,
				OBJ_9 /* Cache */,
			);
			name = 2048AI;
			path = Sources/2048AI;
			sourceTree = SOURCE_ROOT;
		};
		OBJ_80 /* Parse */ = {
			isa = PBXGroup;
			children = (
				OBJ_81 /* SocketPacket.swift */,
				OBJ_82 /* SocketParsable.swift */,
			);
			path = Parse;
			sourceTree = "<group>";
		};
		OBJ_83 /* Util */ = {
			isa = PBXGroup;
			children = (
				OBJ_84 /* SSLSecurity.swift */,
				OBJ_85 /* SocketExtensions.swift */,
				OBJ_86 /* SocketLogger.swift */,
				OBJ_87 /* SocketStringReader.swift */,
				OBJ_88 /* SocketTypes.swift */,
			);
			path = Util;
			sourceTree = "<group>";
		};
		OBJ_9 /* Cache */ = {
			isa = PBXGroup;
			children = (
				OBJ_10 /* Cache.swift */,
				OBJ_11 /* DictionaryCache.swift */,
				OBJ_12 /* FileCache.swift */,
				OBJ_13 /* Signatures.swift */,
				OBJ_14 /* StreamReader.swift */,
			);
			path = Cache;
			sourceTree = "<group>";
		};
		OBJ_90 /* Starscream 3.0.6 */ = {
			isa = PBXGroup;
			children = (
				OBJ_91 /* Starscream */,
				OBJ_96 /* Package.swift */,
			);
			name = "Starscream 3.0.6";
			sourceTree = SOURCE_ROOT;
		};
		OBJ_91 /* Starscream */ = {
			isa = PBXGroup;
			children = (
				OBJ_92 /* Compression.swift */,
				OBJ_93 /* SSLClientCertificate.swift */,
				OBJ_94 /* SSLSecurity.swift */,
				OBJ_95 /* WebSocket.swift */,
			);
			name = Starscream;
			path = ".build/checkouts/Starscream-5479200999345986528/Sources/Starscream";
			sourceTree = SOURCE_ROOT;
		};
		OBJ_97 /* Products */ = {
			isa = PBXGroup;
			children = (
				"2048AI::2048AITests::Product" /* _048AITests.xctest */,
				"SocketIO::SocketIO::Product" /* SocketIO.framework */,
				"2048AI::2048AI::Product" /* 2048AI */,
				"Starscream::Starscream::Product" /* Starscream.framework */,
			);
			name = Products;
			sourceTree = BUILT_PRODUCTS_DIR;
		};
/* End PBXGroup section */

/* Begin PBXNativeTarget section */
		"2048AI::2048AI" /* 2048AI */ = {
			isa = PBXNativeTarget;
			buildConfigurationList = OBJ_103 /* Build configuration list for PBXNativeTarget "2048AI" */;
			buildPhases = (
				OBJ_106 /* Sources */,
				OBJ_142 /* Frameworks */,
			);
			buildRules = (
			);
			dependencies = (
				OBJ_145 /* PBXTargetDependency */,
				OBJ_147 /* PBXTargetDependency */,
			);
			name = 2048AI;
			productName = _048AI;
			productReference = "2048AI::2048AI::Product" /* 2048AI */;
			productType = "com.apple.product-type.tool";
		};
		"2048AI::2048AITests" /* 2048AITests */ = {
			isa = PBXNativeTarget;
			buildConfigurationList = OBJ_161 /* Build configuration list for PBXNativeTarget "2048AITests" */;
			buildPhases = (
				OBJ_164 /* Sources */,
				OBJ_167 /* Frameworks */,
			);
			buildRules = (
			);
			dependencies = (
				OBJ_170 /* PBXTargetDependency */,
				OBJ_171 /* PBXTargetDependency */,
				OBJ_172 /* PBXTargetDependency */,
			);
			name = 2048AITests;
			productName = _048AITests;
			productReference = "2048AI::2048AITests::Product" /* _048AITests.xctest */;
			productType = "com.apple.product-type.bundle.unit-test";
		};
		"2048AI::SwiftPMPackageDescription" /* 2048AIPackageDescription */ = {
			isa = PBXNativeTarget;
			buildConfigurationList = OBJ_150 /* Build configuration list for PBXNativeTarget "2048AIPackageDescription" */;
			buildPhases = (
				OBJ_153 /* Sources */,
			);
			buildRules = (
			);
			dependencies = (
			);
			name = 2048AIPackageDescription;
			productName = 2048AIPackageDescription;
			productType = "com.apple.product-type.framework";
		};
		"SocketIO::SocketIO" /* SocketIO */ = {
			isa = PBXNativeTarget;
			buildConfigurationList = OBJ_173 /* Build configuration list for PBXNativeTarget "SocketIO" */;
			buildPhases = (
				OBJ_176 /* Sources */,
				OBJ_202 /* Frameworks */,
			);
			buildRules = (
			);
			dependencies = (
				OBJ_204 /* PBXTargetDependency */,
			);
			name = SocketIO;
			productName = SocketIO;
			productReference = "SocketIO::SocketIO::Product" /* SocketIO.framework */;
			productType = "com.apple.product-type.framework";
		};
		"SocketIO::SwiftPMPackageDescription" /* SocketIOPackageDescription */ = {
			isa = PBXNativeTarget;
			buildConfigurationList = OBJ_206 /* Build configuration list for PBXNativeTarget "SocketIOPackageDescription" */;
			buildPhases = (
				OBJ_209 /* Sources */,
			);
			buildRules = (
			);
			dependencies = (
			);
			name = SocketIOPackageDescription;
			productName = SocketIOPackageDescription;
			productType = "com.apple.product-type.framework";
		};
		"Starscream::Starscream" /* Starscream */ = {
			isa = PBXNativeTarget;
			buildConfigurationList = OBJ_211 /* Build configuration list for PBXNativeTarget "Starscream" */;
			buildPhases = (
				OBJ_214 /* Sources */,
				OBJ_219 /* Frameworks */,
			);
			buildRules = (
			);
			dependencies = (
			);
			name = Starscream;
			productName = Starscream;
			productReference = "Starscream::Starscream::Product" /* Starscream.framework */;
			productType = "com.apple.product-type.framework";
		};
		"Starscream::SwiftPMPackageDescription" /* StarscreamPackageDescription */ = {
			isa = PBXNativeTarget;
			buildConfigurationList = OBJ_221 /* Build configuration list for PBXNativeTarget "StarscreamPackageDescription" */;
			buildPhases = (
				OBJ_224 /* Sources */,
			);
			buildRules = (
			);
			dependencies = (
			);
			name = StarscreamPackageDescription;
			productName = StarscreamPackageDescription;
			productType = "com.apple.product-type.framework";
		};
/* End PBXNativeTarget section */

/* Begin PBXProject section */
		OBJ_1 /* Project object */ = {
			isa = PBXProject;
			attributes = {
				LastUpgradeCheck = 9999;
			};
			buildConfigurationList = OBJ_2 /* Build configuration list for PBXProject "2048AI" */;
			compatibilityVersion = "Xcode 3.2";
			developmentRegion = English;
			hasScannedForEncodings = 0;
			knownRegions = (
				English,
				en,
			);
			mainGroup = OBJ_5;
			productRefGroup = OBJ_97 /* Products */;
			projectDirPath = "";
			projectRoot = "";
			targets = (
				"2048AI::2048AI" /* 2048AI */,
				"2048AI::SwiftPMPackageDescription" /* 2048AIPackageDescription */,
				"2048AI::2048AIPackageTests::ProductTarget" /* 2048AIPackageTests */,
				"2048AI::2048AITests" /* 2048AITests */,
				"SocketIO::SocketIO" /* SocketIO */,
				"SocketIO::SwiftPMPackageDescription" /* SocketIOPackageDescription */,
				"Starscream::Starscream" /* Starscream */,
				"Starscream::SwiftPMPackageDescription" /* StarscreamPackageDescription */,
			);
		};
/* End PBXProject section */

/* Begin PBXSourcesBuildPhase section */
		OBJ_106 /* Sources */ = {
			isa = PBXSourcesBuildPhase;
			buildActionMask = 0;
			files = (
				OBJ_107 /* Cache.swift in Sources */,
				OBJ_108 /* DictionaryCache.swift in Sources */,
				OBJ_109 /* FileCache.swift in Sources */,
				OBJ_110 /* Signatures.swift in Sources */,
				OBJ_111 /* StreamReader.swift in Sources */,
				OBJ_112 /* BasicGame.swift in Sources */,
				OBJ_113 /* FastGame.swift in Sources */,
				OBJ_114 /* Game.swift in Sources */,
				OBJ_115 /* MergeFactorTests.swift in Sources */,
				OBJ_116 /* ScoreFunctionTests.swift in Sources */,
				OBJ_117 /* TestsHelperFunctions.swift in Sources */,
				OBJ_118 /* WeightsResultsAnalyzer.swift in Sources */,
				OBJ_119 /* WeightsTests.swift in Sources */,
				OBJ_120 /* OnlineAgent.swift in Sources */,
				OBJ_121 /* DynamicDepthEMPlayer.swift in Sources */,
				OBJ_122 /* ExpectimaxPlayer.swift in Sources */,
				OBJ_123 /* GreedyPlayer.swift in Sources */,
				OBJ_124 /* Player.swift in Sources */,
				OBJ_125 /* RandomPlayer.swift in Sources */,
				OBJ_126 /* SimplePlayer.swift in Sources */,
				OBJ_127 /* UserPlayer.swift in Sources */,
				OBJ_128 /* WashingMachinePlayer.swift in Sources */,
				OBJ_129 /* BalanceScoreFunction.swift in Sources */,
				OBJ_130 /* BlankSpaceScoreFunction.swift in Sources */,
				OBJ_131 /* ClusterScoreFunction.swift in Sources */,
				OBJ_132 /* CompoundScoreFunction.swift in Sources */,
				OBJ_133 /* FastPowerScoreFunction.swift in Sources */,
				OBJ_134 /* FastScoreFunction.swift in Sources */,
				OBJ_135 /* FastWeightedScoreFunction.swift in Sources */,
				OBJ_136 /* NneonneoScoreFunction.swift in Sources */,
				OBJ_137 /* PowerScoreFunctions.swift in Sources */,
				OBJ_138 /* ScoreFunction.swift in Sources */,
				OBJ_139 /* SmoothWeightedScoreFunction.swift in Sources */,
				OBJ_140 /* WeightedScoreFunction.swift in Sources */,
				OBJ_141 /* main.swift in Sources */,
			);
			runOnlyForDeploymentPostprocessing = 0;
		};
		OBJ_153 /* Sources */ = {
			isa = PBXSourcesBuildPhase;
			buildActionMask = 0;
			files = (
				OBJ_154 /* Package.swift in Sources */,
			);
			runOnlyForDeploymentPostprocessing = 0;
		};
		OBJ_164 /* Sources */ = {
			isa = PBXSourcesBuildPhase;
			buildActionMask = 0;
			files = (
				OBJ_165 /* XCTestManifests.swift in Sources */,
				OBJ_166 /* _048AITests.swift in Sources */,
			);
			runOnlyForDeploymentPostprocessing = 0;
		};
		OBJ_176 /* Sources */ = {
			isa = PBXSourcesBuildPhase;
			buildActionMask = 0;
			files = (
				OBJ_177 /* SocketAckEmitter.swift in Sources */,
				OBJ_178 /* SocketAckManager.swift in Sources */,
				OBJ_179 /* SocketAnyEvent.swift in Sources */,
				OBJ_180 /* SocketEventHandler.swift in Sources */,
				OBJ_181 /* SocketIOClient.swift in Sources */,
				OBJ_182 /* SocketIOClientConfiguration.swift in Sources */,
				OBJ_183 /* SocketIOClientOption.swift in Sources */,
				OBJ_184 /* SocketIOClientSpec.swift in Sources */,
				OBJ_185 /* SocketIOStatus.swift in Sources */,
				OBJ_186 /* SocketRawView.swift in Sources */,
				OBJ_187 /* SocketEngine.swift in Sources */,
				OBJ_188 /* SocketEngineClient.swift in Sources */,
				OBJ_189 /* SocketEnginePacketType.swift in Sources */,
				OBJ_190 /* SocketEnginePollable.swift in Sources */,
				OBJ_191 /* SocketEngineSpec.swift in Sources */,
				OBJ_192 /* SocketEngineWebsocket.swift in Sources */,
				OBJ_193 /* SocketManager.swift in Sources */,
				OBJ_194 /* SocketManagerSpec.swift in Sources */,
				OBJ_195 /* SocketPacket.swift in Sources */,
				OBJ_196 /* SocketParsable.swift in Sources */,
				OBJ_197 /* SSLSecurity.swift in Sources */,
				OBJ_198 /* SocketExtensions.swift in Sources */,
				OBJ_199 /* SocketLogger.swift in Sources */,
				OBJ_200 /* SocketStringReader.swift in Sources */,
				OBJ_201 /* SocketTypes.swift in Sources */,
			);
			runOnlyForDeploymentPostprocessing = 0;
		};
		OBJ_209 /* Sources */ = {
			isa = PBXSourcesBuildPhase;
			buildActionMask = 0;
			files = (
				OBJ_210 /* Package.swift in Sources */,
			);
			runOnlyForDeploymentPostprocessing = 0;
		};
		OBJ_214 /* Sources */ = {
			isa = PBXSourcesBuildPhase;
			buildActionMask = 0;
			files = (
				OBJ_215 /* Compression.swift in Sources */,
				OBJ_216 /* SSLClientCertificate.swift in Sources */,
				OBJ_217 /* SSLSecurity.swift in Sources */,
				OBJ_218 /* WebSocket.swift in Sources */,
			);
			runOnlyForDeploymentPostprocessing = 0;
		};
		OBJ_224 /* Sources */ = {
			isa = PBXSourcesBuildPhase;
			buildActionMask = 0;
			files = (
				OBJ_225 /* Package.swift in Sources */,
			);
			runOnlyForDeploymentPostprocessing = 0;
		};
/* End PBXSourcesBuildPhase section */

/* Begin PBXTargetDependency section */
		OBJ_145 /* PBXTargetDependency */ = {
			isa = PBXTargetDependency;
			target = "SocketIO::SocketIO" /* SocketIO */;
			targetProxy = 5762E69F222891ED009B61C2 /* PBXContainerItemProxy */;
		};
		OBJ_147 /* PBXTargetDependency */ = {
			isa = PBXTargetDependency;
			target = "Starscream::Starscream" /* Starscream */;
			targetProxy = 5762E6A1222891ED009B61C2 /* PBXContainerItemProxy */;
		};
		OBJ_159 /* PBXTargetDependency */ = {
			isa = PBXTargetDependency;
			target = "2048AI::2048AITests" /* 2048AITests */;
			targetProxy = 5762E6A5222891EE009B61C2 /* PBXContainerItemProxy */;
		};
		OBJ_170 /* PBXTargetDependency */ = {
			isa = PBXTargetDependency;
			target = "2048AI::2048AI" /* 2048AI */;
			targetProxy = 5762E6A2222891ED009B61C2 /* PBXContainerItemProxy */;
		};
		OBJ_171 /* PBXTargetDependency */ = {
			isa = PBXTargetDependency;
			target = "SocketIO::SocketIO" /* SocketIO */;
			targetProxy = 5762E6A3222891ED009B61C2 /* PBXContainerItemProxy */;
		};
		OBJ_172 /* PBXTargetDependency */ = {
			isa = PBXTargetDependency;
			target = "Starscream::Starscream" /* Starscream */;
			targetProxy = 5762E6A4222891ED009B61C2 /* PBXContainerItemProxy */;
		};
		OBJ_204 /* PBXTargetDependency */ = {
			isa = PBXTargetDependency;
			target = "Starscream::Starscream" /* Starscream */;
			targetProxy = 5762E6A0222891ED009B61C2 /* PBXContainerItemProxy */;
		};
/* End PBXTargetDependency section */

/* Begin XCBuildConfiguration section */
		OBJ_104 /* Debug */ = {
			isa = XCBuildConfiguration;
			buildSettings = {
				FRAMEWORK_SEARCH_PATHS = (
					"$(inherited)",
					"$(PLATFORM_DIR)/Developer/Library/Frameworks",
				);
				HEADER_SEARCH_PATHS = "$(inherited)";
				INFOPLIST_FILE = 2048AI.xcodeproj/_048AI_Info.plist;
				LD_RUNPATH_SEARCH_PATHS = "$(inherited) $(TOOLCHAIN_DIR)/usr/lib/swift/macosx @executable_path";
				OTHER_CFLAGS = "$(inherited)";
				OTHER_LDFLAGS = "$(inherited)";
				OTHER_SWIFT_FLAGS = "$(inherited)";
				SWIFT_ACTIVE_COMPILATION_CONDITIONS = "$(inherited)";
				SWIFT_FORCE_DYNAMIC_LINK_STDLIB = YES;
				SWIFT_FORCE_STATIC_LINK_STDLIB = NO;
				SWIFT_VERSION = 4.2;
				TARGET_NAME = 2048AI;
			};
			name = Debug;
		};
		OBJ_105 /* Release */ = {
			isa = XCBuildConfiguration;
			buildSettings = {
				FRAMEWORK_SEARCH_PATHS = (
					"$(inherited)",
					"$(PLATFORM_DIR)/Developer/Library/Frameworks",
				);
				HEADER_SEARCH_PATHS = "$(inherited)";
				INFOPLIST_FILE = 2048AI.xcodeproj/_048AI_Info.plist;
				LD_RUNPATH_SEARCH_PATHS = "$(inherited) $(TOOLCHAIN_DIR)/usr/lib/swift/macosx @executable_path";
				OTHER_CFLAGS = "$(inherited)";
				OTHER_LDFLAGS = "$(inherited)";
				OTHER_SWIFT_FLAGS = "$(inherited)";
				SWIFT_ACTIVE_COMPILATION_CONDITIONS = "$(inherited)";
				SWIFT_FORCE_DYNAMIC_LINK_STDLIB = YES;
				SWIFT_FORCE_STATIC_LINK_STDLIB = NO;
				SWIFT_VERSION = 4.2;
				TARGET_NAME = 2048AI;
			};
			name = Release;
		};
		OBJ_151 /* Debug */ = {
			isa = XCBuildConfiguration;
			buildSettings = {
				LD = /usr/bin/true;
				OTHER_SWIFT_FLAGS = "-swift-version 4.2 -I $(TOOLCHAIN_DIR)/usr/lib/swift/pm/4_2 -target x86_64-apple-macosx10.10 -sdk /Applications/Xcode.app/Contents/Developer/Platforms/MacOSX.platform/Developer/SDKs/MacOSX10.14.sdk";
				SWIFT_VERSION = 4.2;
			};
			name = Debug;
		};
		OBJ_152 /* Release */ = {
			isa = XCBuildConfiguration;
			buildSettings = {
				LD = /usr/bin/true;
				OTHER_SWIFT_FLAGS = "-swift-version 4.2 -I $(TOOLCHAIN_DIR)/usr/lib/swift/pm/4_2 -target x86_64-apple-macosx10.10 -sdk /Applications/Xcode.app/Contents/Developer/Platforms/MacOSX.platform/Developer/SDKs/MacOSX10.14.sdk";
				SWIFT_VERSION = 4.2;
			};
			name = Release;
		};
		OBJ_157 /* Debug */ = {
			isa = XCBuildConfiguration;
			buildSettings = {
			};
			name = Debug;
		};
		OBJ_158 /* Release */ = {
			isa = XCBuildConfiguration;
			buildSettings = {
			};
			name = Release;
		};
		OBJ_162 /* Debug */ = {
			isa = XCBuildConfiguration;
			buildSettings = {
				CLANG_ENABLE_MODULES = YES;
				EMBEDDED_CONTENT_CONTAINS_SWIFT = YES;
				FRAMEWORK_SEARCH_PATHS = (
					"$(inherited)",
					"$(PLATFORM_DIR)/Developer/Library/Frameworks",
				);
				HEADER_SEARCH_PATHS = "$(inherited)";
				INFOPLIST_FILE = 2048AI.xcodeproj/_048AITests_Info.plist;
				LD_RUNPATH_SEARCH_PATHS = "$(inherited) @loader_path/../Frameworks @loader_path/Frameworks";
				OTHER_CFLAGS = "$(inherited)";
				OTHER_LDFLAGS = "$(inherited)";
				OTHER_SWIFT_FLAGS = "$(inherited)";
				SWIFT_ACTIVE_COMPILATION_CONDITIONS = "$(inherited)";
				SWIFT_VERSION = 4.2;
				TARGET_NAME = 2048AITests;
			};
			name = Debug;
		};
		OBJ_163 /* Release */ = {
			isa = XCBuildConfiguration;
			buildSettings = {
				CLANG_ENABLE_MODULES = YES;
				EMBEDDED_CONTENT_CONTAINS_SWIFT = YES;
				FRAMEWORK_SEARCH_PATHS = (
					"$(inherited)",
					"$(PLATFORM_DIR)/Developer/Library/Frameworks",
				);
				HEADER_SEARCH_PATHS = "$(inherited)";
				INFOPLIST_FILE = 2048AI.xcodeproj/_048AITests_Info.plist;
				LD_RUNPATH_SEARCH_PATHS = "$(inherited) @loader_path/../Frameworks @loader_path/Frameworks";
				OTHER_CFLAGS = "$(inherited)";
				OTHER_LDFLAGS = "$(inherited)";
				OTHER_SWIFT_FLAGS = "$(inherited)";
				SWIFT_ACTIVE_COMPILATION_CONDITIONS = "$(inherited)";
				SWIFT_VERSION = 4.2;
				TARGET_NAME = 2048AITests;
			};
			name = Release;
		};
		OBJ_174 /* Debug */ = {
			isa = XCBuildConfiguration;
			buildSettings = {
				ENABLE_TESTABILITY = YES;
				FRAMEWORK_SEARCH_PATHS = (
					"$(inherited)",
					"$(PLATFORM_DIR)/Developer/Library/Frameworks",
				);
				HEADER_SEARCH_PATHS = "$(inherited)";
				INFOPLIST_FILE = 2048AI.xcodeproj/SocketIO_Info.plist;
				LD_RUNPATH_SEARCH_PATHS = "$(inherited) $(TOOLCHAIN_DIR)/usr/lib/swift/macosx";
				OTHER_CFLAGS = "$(inherited)";
				OTHER_LDFLAGS = "$(inherited)";
				OTHER_SWIFT_FLAGS = "$(inherited)";
				PRODUCT_BUNDLE_IDENTIFIER = SocketIO;
				PRODUCT_MODULE_NAME = "$(TARGET_NAME:c99extidentifier)";
				PRODUCT_NAME = "$(TARGET_NAME:c99extidentifier)";
				SKIP_INSTALL = YES;
				SWIFT_ACTIVE_COMPILATION_CONDITIONS = "$(inherited)";
				SWIFT_VERSION = 4.2;
				TARGET_NAME = SocketIO;
			};
			name = Debug;
		};
		OBJ_175 /* Release */ = {
			isa = XCBuildConfiguration;
			buildSettings = {
				ENABLE_TESTABILITY = YES;
				FRAMEWORK_SEARCH_PATHS = (
					"$(inherited)",
					"$(PLATFORM_DIR)/Developer/Library/Frameworks",
				);
				HEADER_SEARCH_PATHS = "$(inherited)";
				INFOPLIST_FILE = 2048AI.xcodeproj/SocketIO_Info.plist;
				LD_RUNPATH_SEARCH_PATHS = "$(inherited) $(TOOLCHAIN_DIR)/usr/lib/swift/macosx";
				OTHER_CFLAGS = "$(inherited)";
				OTHER_LDFLAGS = "$(inherited)";
				OTHER_SWIFT_FLAGS = "$(inherited)";
				PRODUCT_BUNDLE_IDENTIFIER = SocketIO;
				PRODUCT_MODULE_NAME = "$(TARGET_NAME:c99extidentifier)";
				PRODUCT_NAME = "$(TARGET_NAME:c99extidentifier)";
				SKIP_INSTALL = YES;
				SWIFT_ACTIVE_COMPILATION_CONDITIONS = "$(inherited)";
				SWIFT_VERSION = 4.2;
				TARGET_NAME = SocketIO;
			};
			name = Release;
		};
		OBJ_207 /* Debug */ = {
			isa = XCBuildConfiguration;
			buildSettings = {
				LD = /usr/bin/true;
				OTHER_SWIFT_FLAGS = "-swift-version 4.2 -I $(TOOLCHAIN_DIR)/usr/lib/swift/pm/4_2 -target x86_64-apple-macosx10.10 -sdk /Applications/Xcode.app/Contents/Developer/Platforms/MacOSX.platform/Developer/SDKs/MacOSX10.14.sdk";
				SWIFT_VERSION = 4.2;
			};
			name = Debug;
		};
		OBJ_208 /* Release */ = {
			isa = XCBuildConfiguration;
			buildSettings = {
				LD = /usr/bin/true;
				OTHER_SWIFT_FLAGS = "-swift-version 4.2 -I $(TOOLCHAIN_DIR)/usr/lib/swift/pm/4_2 -target x86_64-apple-macosx10.10 -sdk /Applications/Xcode.app/Contents/Developer/Platforms/MacOSX.platform/Developer/SDKs/MacOSX10.14.sdk";
				SWIFT_VERSION = 4.2;
			};
			name = Release;
		};
		OBJ_212 /* Debug */ = {
			isa = XCBuildConfiguration;
			buildSettings = {
				ENABLE_TESTABILITY = YES;
				FRAMEWORK_SEARCH_PATHS = (
					"$(inherited)",
					"$(PLATFORM_DIR)/Developer/Library/Frameworks",
				);
				HEADER_SEARCH_PATHS = "$(inherited)";
				INFOPLIST_FILE = 2048AI.xcodeproj/Starscream_Info.plist;
				LD_RUNPATH_SEARCH_PATHS = "$(inherited) $(TOOLCHAIN_DIR)/usr/lib/swift/macosx";
				OTHER_CFLAGS = "$(inherited)";
				OTHER_LDFLAGS = "$(inherited)";
				OTHER_SWIFT_FLAGS = "$(inherited)";
				PRODUCT_BUNDLE_IDENTIFIER = Starscream;
				PRODUCT_MODULE_NAME = "$(TARGET_NAME:c99extidentifier)";
				PRODUCT_NAME = "$(TARGET_NAME:c99extidentifier)";
				SKIP_INSTALL = YES;
				SWIFT_ACTIVE_COMPILATION_CONDITIONS = "$(inherited)";
				SWIFT_VERSION = 4.2;
				TARGET_NAME = Starscream;
			};
			name = Debug;
		};
		OBJ_213 /* Release */ = {
			isa = XCBuildConfiguration;
			buildSettings = {
				ENABLE_TESTABILITY = YES;
				FRAMEWORK_SEARCH_PATHS = (
					"$(inherited)",
					"$(PLATFORM_DIR)/Developer/Library/Frameworks",
				);
				HEADER_SEARCH_PATHS = "$(inherited)";
				INFOPLIST_FILE = 2048AI.xcodeproj/Starscream_Info.plist;
				LD_RUNPATH_SEARCH_PATHS = "$(inherited) $(TOOLCHAIN_DIR)/usr/lib/swift/macosx";
				OTHER_CFLAGS = "$(inherited)";
				OTHER_LDFLAGS = "$(inherited)";
				OTHER_SWIFT_FLAGS = "$(inherited)";
				PRODUCT_BUNDLE_IDENTIFIER = Starscream;
				PRODUCT_MODULE_NAME = "$(TARGET_NAME:c99extidentifier)";
				PRODUCT_NAME = "$(TARGET_NAME:c99extidentifier)";
				SKIP_INSTALL = YES;
				SWIFT_ACTIVE_COMPILATION_CONDITIONS = "$(inherited)";
				SWIFT_VERSION = 4.2;
				TARGET_NAME = Starscream;
			};
			name = Release;
		};
		OBJ_222 /* Debug */ = {
			isa = XCBuildConfiguration;
			buildSettings = {
				LD = /usr/bin/true;
				OTHER_SWIFT_FLAGS = "-swift-version 4.2 -I $(TOOLCHAIN_DIR)/usr/lib/swift/pm/4_2 -target x86_64-apple-macosx10.10 -sdk /Applications/Xcode.app/Contents/Developer/Platforms/MacOSX.platform/Developer/SDKs/MacOSX10.14.sdk";
				SWIFT_VERSION = 4.2;
			};
			name = Debug;
		};
		OBJ_223 /* Release */ = {
			isa = XCBuildConfiguration;
			buildSettings = {
				LD = /usr/bin/true;
				OTHER_SWIFT_FLAGS = "-swift-version 4.2 -I $(TOOLCHAIN_DIR)/usr/lib/swift/pm/4_2 -target x86_64-apple-macosx10.10 -sdk /Applications/Xcode.app/Contents/Developer/Platforms/MacOSX.platform/Developer/SDKs/MacOSX10.14.sdk";
				SWIFT_VERSION = 4.2;
			};
			name = Release;
		};
		OBJ_3 /* Debug */ = {
			isa = XCBuildConfiguration;
			buildSettings = {
				CLANG_ENABLE_OBJC_ARC = YES;
				COMBINE_HIDPI_IMAGES = YES;
				COPY_PHASE_STRIP = NO;
				DEBUG_INFORMATION_FORMAT = dwarf;
				DYLIB_INSTALL_NAME_BASE = "@rpath";
				ENABLE_NS_ASSERTIONS = YES;
				GCC_OPTIMIZATION_LEVEL = 0;
				GCC_PREPROCESSOR_DEFINITIONS = (
					"DEBUG=1",
					"$(inherited)",
				);
				MACOSX_DEPLOYMENT_TARGET = 10.10;
				ONLY_ACTIVE_ARCH = YES;
				OTHER_SWIFT_FLAGS = "-DXcode";
				PRODUCT_NAME = "$(TARGET_NAME)";
				SDKROOT = macosx;
				SUPPORTED_PLATFORMS = "macosx iphoneos iphonesimulator appletvos appletvsimulator watchos watchsimulator";
				SWIFT_ACTIVE_COMPILATION_CONDITIONS = "SWIFT_PACKAGE DEBUG";
				SWIFT_OPTIMIZATION_LEVEL = "-Onone";
				USE_HEADERMAP = NO;
			};
			name = Debug;
		};
		OBJ_4 /* Release */ = {
			isa = XCBuildConfiguration;
			buildSettings = {
				CLANG_ENABLE_OBJC_ARC = YES;
				COMBINE_HIDPI_IMAGES = YES;
				COPY_PHASE_STRIP = YES;
				DEBUG_INFORMATION_FORMAT = "dwarf-with-dsym";
				DYLIB_INSTALL_NAME_BASE = "@rpath";
				GCC_OPTIMIZATION_LEVEL = s;
				MACOSX_DEPLOYMENT_TARGET = 10.10;
				OTHER_SWIFT_FLAGS = "-DXcode";
				PRODUCT_NAME = "$(TARGET_NAME)";
				SDKROOT = macosx;
				SUPPORTED_PLATFORMS = "macosx iphoneos iphonesimulator appletvos appletvsimulator watchos watchsimulator";
				SWIFT_ACTIVE_COMPILATION_CONDITIONS = SWIFT_PACKAGE;
				SWIFT_OPTIMIZATION_LEVEL = "-Owholemodule";
				USE_HEADERMAP = NO;
			};
			name = Release;
		};
/* End XCBuildConfiguration section */

/* Begin XCConfigurationList section */
		OBJ_103 /* Build configuration list for PBXNativeTarget "2048AI" */ = {
			isa = XCConfigurationList;
			buildConfigurations = (
				OBJ_104 /* Debug */,
				OBJ_105 /* Release */,
			);
			defaultConfigurationIsVisible = 0;
			defaultConfigurationName = Release;
		};
		OBJ_150 /* Build configuration list for PBXNativeTarget "2048AIPackageDescription" */ = {
			isa = XCConfigurationList;
			buildConfigurations = (
				OBJ_151 /* Debug */,
				OBJ_152 /* Release */,
			);
			defaultConfigurationIsVisible = 0;
			defaultConfigurationName = Release;
		};
		OBJ_156 /* Build configuration list for PBXAggregateTarget "2048AIPackageTests" */ = {
			isa = XCConfigurationList;
			buildConfigurations = (
				OBJ_157 /* Debug */,
				OBJ_158 /* Release */,
			);
			defaultConfigurationIsVisible = 0;
			defaultConfigurationName = Release;
		};
		OBJ_161 /* Build configuration list for PBXNativeTarget "2048AITests" */ = {
			isa = XCConfigurationList;
			buildConfigurations = (
				OBJ_162 /* Debug */,
				OBJ_163 /* Release */,
			);
			defaultConfigurationIsVisible = 0;
			defaultConfigurationName = Release;
		};
		OBJ_173 /* Build configuration list for PBXNativeTarget "SocketIO" */ = {
			isa = XCConfigurationList;
			buildConfigurations = (
				OBJ_174 /* Debug */,
				OBJ_175 /* Release */,
			);
			defaultConfigurationIsVisible = 0;
			defaultConfigurationName = Release;
		};
		OBJ_2 /* Build configuration list for PBXProject "2048AI" */ = {
			isa = XCConfigurationList;
			buildConfigurations = (
				OBJ_3 /* Debug */,
				OBJ_4 /* Release */,
			);
			defaultConfigurationIsVisible = 0;
			defaultConfigurationName = Release;
		};
		OBJ_206 /* Build configuration list for PBXNativeTarget "SocketIOPackageDescription" */ = {
			isa = XCConfigurationList;
			buildConfigurations = (
				OBJ_207 /* Debug */,
				OBJ_208 /* Release */,
			);
			defaultConfigurationIsVisible = 0;
			defaultConfigurationName = Release;
		};
		OBJ_211 /* Build configuration list for PBXNativeTarget "Starscream" */ = {
			isa = XCConfigurationList;
			buildConfigurations = (
				OBJ_212 /* Debug */,
				OBJ_213 /* Release */,
			);
			defaultConfigurationIsVisible = 0;
			defaultConfigurationName = Release;
		};
		OBJ_221 /* Build configuration list for PBXNativeTarget "StarscreamPackageDescription" */ = {
			isa = XCConfigurationList;
			buildConfigurations = (
				OBJ_222 /* Debug */,
				OBJ_223 /* Release */,
			);
			defaultConfigurationIsVisible = 0;
			defaultConfigurationName = Release;
		};
/* End XCConfigurationList section */
	};
	rootObject = OBJ_1 /* Project object */;
}
